// !$*UTF8*$!
{
	archiveVersion = 1;
	classes = {
	};
	objectVersion = 56;
	objects = {

/* Begin PBXBuildFile section */
		4E15208A2A06C11400E42537 /* AppDelegate.swift in Sources */ = {isa = PBXBuildFile; fileRef = 4E1520892A06C11400E42537 /* AppDelegate.swift */; };
		4E15208C2A06C11400E42537 /* SceneDelegate.swift in Sources */ = {isa = PBXBuildFile; fileRef = 4E15208B2A06C11400E42537 /* SceneDelegate.swift */; };
		4E15208E2A06C11400E42537 /* ViewController.swift in Sources */ = {isa = PBXBuildFile; fileRef = 4E15208D2A06C11400E42537 /* ViewController.swift */; };
		4E1520932A06C11700E42537 /* Assets.xcassets in Resources */ = {isa = PBXBuildFile; fileRef = 4E1520922A06C11700E42537 /* Assets.xcassets */; };
		4E1520962A06C11700E42537 /* LaunchScreen.storyboard in Resources */ = {isa = PBXBuildFile; fileRef = 4E1520942A06C11700E42537 /* LaunchScreen.storyboard */; };
		4E1520A12A06C11700E42537 /* NewsToDayTests.swift in Sources */ = {isa = PBXBuildFile; fileRef = 4E1520A02A06C11700E42537 /* NewsToDayTests.swift */; };
		4E1520AB2A06C11700E42537 /* NewsToDayUITests.swift in Sources */ = {isa = PBXBuildFile; fileRef = 4E1520AA2A06C11700E42537 /* NewsToDayUITests.swift */; };
		4E1520AD2A06C11700E42537 /* NewsToDayUITestsLaunchTests.swift in Sources */ = {isa = PBXBuildFile; fileRef = 4E1520AC2A06C11700E42537 /* NewsToDayUITestsLaunchTests.swift */; };
		4E1520D62A06CEE900E42537 /* TabBarController.swift in Sources */ = {isa = PBXBuildFile; fileRef = 4E1520D52A06CEE900E42537 /* TabBarController.swift */; };
		4E1520DC2A06CF1700E42537 /* Inter-Medium.ttf in Resources */ = {isa = PBXBuildFile; fileRef = 4E1520D82A06CF1700E42537 /* Inter-Medium.ttf */; };
		4E1520DD2A06CF1700E42537 /* Inter-Bold.ttf in Resources */ = {isa = PBXBuildFile; fileRef = 4E1520D92A06CF1700E42537 /* Inter-Bold.ttf */; };
		4E1520DE2A06CF1700E42537 /* Inter-Regular.ttf in Resources */ = {isa = PBXBuildFile; fileRef = 4E1520DA2A06CF1700E42537 /* Inter-Regular.ttf */; };
		4E1520DF2A06CF1700E42537 /* Inter-SemiBold.ttf in Resources */ = {isa = PBXBuildFile; fileRef = 4E1520DB2A06CF1700E42537 /* Inter-SemiBold.ttf */; };
		4E1520E12A06CF2300E42537 /* Links.md in Resources */ = {isa = PBXBuildFile; fileRef = 4E1520E02A06CF2300E42537 /* Links.md */; };
		4E1520E42A06D50200E42537 /* Constants.swift in Sources */ = {isa = PBXBuildFile; fileRef = 4E1520E32A06D50200E42537 /* Constants.swift */; };
		4E1520E72A06D89E00E42537 /* UIHelper.swift in Sources */ = {isa = PBXBuildFile; fileRef = 4E1520E62A06D89E00E42537 /* UIHelper.swift */; };
		4E49939A2A07A7FC001CBF8C /* NewsModel.swift in Sources */ = {isa = PBXBuildFile; fileRef = 4E4993992A07A7FC001CBF8C /* NewsModel.swift */; };
		4E49939C2A07A84C001CBF8C /* NewsResponse.swift in Sources */ = {isa = PBXBuildFile; fileRef = 4E49939B2A07A84C001CBF8C /* NewsResponse.swift */; };
		4E49939E2A07A902001CBF8C /* APIobj.plist in Resources */ = {isa = PBXBuildFile; fileRef = 4E49939D2A07A902001CBF8C /* APIobj.plist */; };
		4E4993A12A07AB73001CBF8C /* NetworkManager.swift in Sources */ = {isa = PBXBuildFile; fileRef = 4E4993A02A07AB73001CBF8C /* NetworkManager.swift */; };
		4E4993A32A07AB84001CBF8C /* PersistenceManager.swift in Sources */ = {isa = PBXBuildFile; fileRef = 4E4993A22A07AB84001CBF8C /* PersistenceManager.swift */; };
		4E4993A52A07AC1F001CBF8C /* NewsError.swift in Sources */ = {isa = PBXBuildFile; fileRef = 4E4993A42A07AC1F001CBF8C /* NewsError.swift */; };
		4E4993A92A07AE1B001CBF8C /* NewsService.swift in Sources */ = {isa = PBXBuildFile; fileRef = 4E4993A82A07AE1B001CBF8C /* NewsService.swift */; };
		4ECDAAA22A082CEB00E8485C /* MainVC.swift in Sources */ = {isa = PBXBuildFile; fileRef = 4ECDAAA12A082CEB00E8485C /* MainVC.swift */; };
		4ECDAAA52A082EBD00E8485C /* SnapKit in Frameworks */ = {isa = PBXBuildFile; productRef = 4ECDAAA42A082EBD00E8485C /* SnapKit */; };
		4ECDAAA72A082F4A00E8485C /* User.swift in Sources */ = {isa = PBXBuildFile; fileRef = 4ECDAAA62A082F4A00E8485C /* User.swift */; };
		C801486E2A0844DA00EB1E99 /* CategoriesViewController.swift in Sources */ = {isa = PBXBuildFile; fileRef = C801486D2A0844DA00EB1E99 /* CategoriesViewController.swift */; };
		C80148712A084DED00EB1E99 /* CategoriesPresenter.swift in Sources */ = {isa = PBXBuildFile; fileRef = C80148702A084DED00EB1E99 /* CategoriesPresenter.swift */; };
		C80148732A0851FD00EB1E99 /* Coordinator.swift in Sources */ = {isa = PBXBuildFile; fileRef = C80148722A0851FD00EB1E99 /* Coordinator.swift */; };
		C80148712A084DED00EB1E99 /* CategoriesPresenter.swift in Sources */ = {isa = PBXBuildFile; fileRef = C80148702A084DED00EB1E99 /* CategoriesPresenter.swift */; };
/* End PBXBuildFile section */

/* Begin PBXContainerItemProxy section */
		4E15209D2A06C11700E42537 /* PBXContainerItemProxy */ = {
			isa = PBXContainerItemProxy;
			containerPortal = 4E15207E2A06C11400E42537 /* Project object */;
			proxyType = 1;
			remoteGlobalIDString = 4E1520852A06C11400E42537;
			remoteInfo = NewsToDay;
		};
		4E1520A72A06C11700E42537 /* PBXContainerItemProxy */ = {
			isa = PBXContainerItemProxy;
			containerPortal = 4E15207E2A06C11400E42537 /* Project object */;
			proxyType = 1;
			remoteGlobalIDString = 4E1520852A06C11400E42537;
			remoteInfo = NewsToDay;
		};
/* End PBXContainerItemProxy section */

/* Begin PBXFileReference section */
		4E1520862A06C11400E42537 /* NewsToDay.app */ = {isa = PBXFileReference; explicitFileType = wrapper.application; includeInIndex = 0; path = NewsToDay.app; sourceTree = BUILT_PRODUCTS_DIR; };
		4E1520892A06C11400E42537 /* AppDelegate.swift */ = {isa = PBXFileReference; lastKnownFileType = sourcecode.swift; path = AppDelegate.swift; sourceTree = "<group>"; };
		4E15208B2A06C11400E42537 /* SceneDelegate.swift */ = {isa = PBXFileReference; lastKnownFileType = sourcecode.swift; path = SceneDelegate.swift; sourceTree = "<group>"; };
		4E15208D2A06C11400E42537 /* ViewController.swift */ = {isa = PBXFileReference; lastKnownFileType = sourcecode.swift; path = ViewController.swift; sourceTree = "<group>"; };
		4E1520922A06C11700E42537 /* Assets.xcassets */ = {isa = PBXFileReference; lastKnownFileType = folder.assetcatalog; path = Assets.xcassets; sourceTree = "<group>"; };
		4E1520952A06C11700E42537 /* Base */ = {isa = PBXFileReference; lastKnownFileType = file.storyboard; name = Base; path = Base.lproj/LaunchScreen.storyboard; sourceTree = "<group>"; };
		4E1520972A06C11700E42537 /* Info.plist */ = {isa = PBXFileReference; lastKnownFileType = text.plist.xml; path = Info.plist; sourceTree = "<group>"; };
		4E15209C2A06C11700E42537 /* NewsToDayTests.xctest */ = {isa = PBXFileReference; explicitFileType = wrapper.cfbundle; includeInIndex = 0; path = NewsToDayTests.xctest; sourceTree = BUILT_PRODUCTS_DIR; };
		4E1520A02A06C11700E42537 /* NewsToDayTests.swift */ = {isa = PBXFileReference; lastKnownFileType = sourcecode.swift; path = NewsToDayTests.swift; sourceTree = "<group>"; };
		4E1520A62A06C11700E42537 /* NewsToDayUITests.xctest */ = {isa = PBXFileReference; explicitFileType = wrapper.cfbundle; includeInIndex = 0; path = NewsToDayUITests.xctest; sourceTree = BUILT_PRODUCTS_DIR; };
		4E1520AA2A06C11700E42537 /* NewsToDayUITests.swift */ = {isa = PBXFileReference; lastKnownFileType = sourcecode.swift; path = NewsToDayUITests.swift; sourceTree = "<group>"; };
		4E1520AC2A06C11700E42537 /* NewsToDayUITestsLaunchTests.swift */ = {isa = PBXFileReference; lastKnownFileType = sourcecode.swift; path = NewsToDayUITestsLaunchTests.swift; sourceTree = "<group>"; };
		4E1520D52A06CEE900E42537 /* TabBarController.swift */ = {isa = PBXFileReference; lastKnownFileType = sourcecode.swift; path = TabBarController.swift; sourceTree = "<group>"; };
		4E1520D82A06CF1700E42537 /* Inter-Medium.ttf */ = {isa = PBXFileReference; lastKnownFileType = file; path = "Inter-Medium.ttf"; sourceTree = "<group>"; };
		4E1520D92A06CF1700E42537 /* Inter-Bold.ttf */ = {isa = PBXFileReference; lastKnownFileType = file; path = "Inter-Bold.ttf"; sourceTree = "<group>"; };
		4E1520DA2A06CF1700E42537 /* Inter-Regular.ttf */ = {isa = PBXFileReference; lastKnownFileType = file; path = "Inter-Regular.ttf"; sourceTree = "<group>"; };
		4E1520DB2A06CF1700E42537 /* Inter-SemiBold.ttf */ = {isa = PBXFileReference; lastKnownFileType = file; path = "Inter-SemiBold.ttf"; sourceTree = "<group>"; };
		4E1520E02A06CF2300E42537 /* Links.md */ = {isa = PBXFileReference; fileEncoding = 4; lastKnownFileType = net.daringfireball.markdown; path = Links.md; sourceTree = "<group>"; };
		4E1520E32A06D50200E42537 /* Constants.swift */ = {isa = PBXFileReference; lastKnownFileType = sourcecode.swift; path = Constants.swift; sourceTree = "<group>"; };
		4E1520E62A06D89E00E42537 /* UIHelper.swift */ = {isa = PBXFileReference; lastKnownFileType = sourcecode.swift; path = UIHelper.swift; sourceTree = "<group>"; };
		4E4993992A07A7FC001CBF8C /* NewsModel.swift */ = {isa = PBXFileReference; lastKnownFileType = sourcecode.swift; path = NewsModel.swift; sourceTree = "<group>"; };
		4E49939B2A07A84C001CBF8C /* NewsResponse.swift */ = {isa = PBXFileReference; lastKnownFileType = sourcecode.swift; path = NewsResponse.swift; sourceTree = "<group>"; };
		4E49939D2A07A902001CBF8C /* APIobj.plist */ = {isa = PBXFileReference; lastKnownFileType = text.plist.xml; path = APIobj.plist; sourceTree = "<group>"; };
		4E4993A02A07AB73001CBF8C /* NetworkManager.swift */ = {isa = PBXFileReference; lastKnownFileType = sourcecode.swift; path = NetworkManager.swift; sourceTree = "<group>"; };
		4E4993A22A07AB84001CBF8C /* PersistenceManager.swift */ = {isa = PBXFileReference; lastKnownFileType = sourcecode.swift; path = PersistenceManager.swift; sourceTree = "<group>"; };
		4E4993A42A07AC1F001CBF8C /* NewsError.swift */ = {isa = PBXFileReference; lastKnownFileType = sourcecode.swift; path = NewsError.swift; sourceTree = "<group>"; };
		4E4993A82A07AE1B001CBF8C /* NewsService.swift */ = {isa = PBXFileReference; lastKnownFileType = sourcecode.swift; path = NewsService.swift; sourceTree = "<group>"; };
		4ECDAAA12A082CEB00E8485C /* MainVC.swift */ = {isa = PBXFileReference; lastKnownFileType = sourcecode.swift; path = MainVC.swift; sourceTree = "<group>"; };
		4ECDAAA62A082F4A00E8485C /* User.swift */ = {isa = PBXFileReference; lastKnownFileType = sourcecode.swift; path = User.swift; sourceTree = "<group>"; };
		C80148722A0851FD00EB1E99 /* Coordinator.swift */ = {isa = PBXFileReference; lastKnownFileType = sourcecode.swift; path = Coordinator.swift; sourceTree = "<group>"; };
		C801486D2A0844DA00EB1E99 /* CategoriesViewController.swift */ = {isa = PBXFileReference; lastKnownFileType = sourcecode.swift; path = CategoriesViewController.swift; sourceTree = "<group>"; };
		C80148702A084DED00EB1E99 /* CategoriesPresenter.swift */ = {isa = PBXFileReference; lastKnownFileType = sourcecode.swift; path = CategoriesPresenter.swift; sourceTree = "<group>"; };
/* End PBXFileReference section */

/* Begin PBXFrameworksBuildPhase section */
		4E1520832A06C11400E42537 /* Frameworks */ = {
			isa = PBXFrameworksBuildPhase;
			buildActionMask = 2147483647;
			files = (
				4ECDAAA52A082EBD00E8485C /* SnapKit in Frameworks */,
			);
			runOnlyForDeploymentPostprocessing = 0;
		};
		4E1520992A06C11700E42537 /* Frameworks */ = {
			isa = PBXFrameworksBuildPhase;
			buildActionMask = 2147483647;
			files = (
			);
			runOnlyForDeploymentPostprocessing = 0;
		};
		4E1520A32A06C11700E42537 /* Frameworks */ = {
			isa = PBXFrameworksBuildPhase;
			buildActionMask = 2147483647;
			files = (
			);
			runOnlyForDeploymentPostprocessing = 0;
		};
/* End PBXFrameworksBuildPhase section */

/* Begin PBXGroup section */
		4E15207D2A06C11400E42537 = {
			isa = PBXGroup;
			children = (
				4E1520882A06C11400E42537 /* NewsToDay */,
				4E15209F2A06C11700E42537 /* NewsToDayTests */,
				4E1520A92A06C11700E42537 /* NewsToDayUITests */,
				4E1520872A06C11400E42537 /* Products */,
			);
			sourceTree = "<group>";
		};
		4E1520872A06C11400E42537 /* Products */ = {
			isa = PBXGroup;
			children = (
				4E1520862A06C11400E42537 /* NewsToDay.app */,
				4E15209C2A06C11700E42537 /* NewsToDayTests.xctest */,
				4E1520A62A06C11700E42537 /* NewsToDayUITests.xctest */,
			);
			name = Products;
			sourceTree = "<group>";
		};
		4E1520882A06C11400E42537 /* NewsToDay */ = {
			isa = PBXGroup;
			children = (
				4E1520E02A06CF2300E42537 /* Links.md */,
				4E4993AA2A07AF75001CBF8C /* Network */,
				4E1520E52A06D87300E42537 /* Utilites */,
				4E1520D22A06CE9400E42537 /* Controllers */,
				4E4993972A079D31001CBF8C /* VCs pro */,
				4E1520D12A06CE8C00E42537 /* Views */,
				4E4993982A07A5E7001CBF8C /* Model */,
				4E1520D02A06CE7F00E42537 /* Support */,
				4E1520972A06C11700E42537 /* Info.plist */,
				4E49939D2A07A902001CBF8C /* APIobj.plist */,
			);
			path = NewsToDay;
			sourceTree = "<group>";
		};
		4E15209F2A06C11700E42537 /* NewsToDayTests */ = {
			isa = PBXGroup;
			children = (
				4E1520A02A06C11700E42537 /* NewsToDayTests.swift */,
			);
			path = NewsToDayTests;
			sourceTree = "<group>";
		};
		4E1520A92A06C11700E42537 /* NewsToDayUITests */ = {
			isa = PBXGroup;
			children = (
				4E1520AA2A06C11700E42537 /* NewsToDayUITests.swift */,
				4E1520AC2A06C11700E42537 /* NewsToDayUITestsLaunchTests.swift */,
			);
			path = NewsToDayUITests;
			sourceTree = "<group>";
		};
		4E1520D02A06CE7F00E42537 /* Support */ = {
			isa = PBXGroup;
			children = (
				4E1520892A06C11400E42537 /* AppDelegate.swift */,
				4E15208B2A06C11400E42537 /* SceneDelegate.swift */,
				4E1520922A06C11700E42537 /* Assets.xcassets */,
				C80148722A0851FD00EB1E99 /* Coordinator.swift */,
			);
			path = Support;
			sourceTree = "<group>";
		};
		4E1520D12A06CE8C00E42537 /* Views */ = {
			isa = PBXGroup;
			children = (
				4E1520942A06C11700E42537 /* LaunchScreen.storyboard */,
			);
			path = Views;
			sourceTree = "<group>";
		};
		4E1520D22A06CE9400E42537 /* Controllers */ = {
			isa = PBXGroup;
			children = (
				4E4993962A079D18001CBF8C /* UserScreen */,
				4E4993952A079D07001CBF8C /* NewsDetail */,
				4E4993942A079CFB001CBF8C /* Favorites */,
				4E1520D42A06CED600E42537 /* TabBar */,
				4E1520D32A06CECA00E42537 /* MainVC */,
				4E4993932A079CEC001CBF8C /* Onboarding */,
				C801486F2A0844E000EB1E99 /* Categories */,
			);
			path = Controllers;
			sourceTree = "<group>";
		};
		4E1520D32A06CECA00E42537 /* MainVC */ = {
			isa = PBXGroup;
			children = (
				4E15208D2A06C11400E42537 /* ViewController.swift */,
				4ECDAAA12A082CEB00E8485C /* MainVC.swift */,
			);
			path = MainVC;
			sourceTree = "<group>";
		};
		4E1520D42A06CED600E42537 /* TabBar */ = {
			isa = PBXGroup;
			children = (
				4E1520D52A06CEE900E42537 /* TabBarController.swift */,
			);
			path = TabBar;
			sourceTree = "<group>";
		};
		4E1520D72A06CF1700E42537 /* Inter font */ = {
			isa = PBXGroup;
			children = (
				4E1520D82A06CF1700E42537 /* Inter-Medium.ttf */,
				4E1520D92A06CF1700E42537 /* Inter-Bold.ttf */,
				4E1520DA2A06CF1700E42537 /* Inter-Regular.ttf */,
				4E1520DB2A06CF1700E42537 /* Inter-SemiBold.ttf */,
			);
			path = "Inter font";
			sourceTree = "<group>";
		};
		4E1520E22A06D4E100E42537 /* Resources */ = {
			isa = PBXGroup;
			children = (
				4E1520E32A06D50200E42537 /* Constants.swift */,
				4E1520E62A06D89E00E42537 /* UIHelper.swift */,
			);
			path = Resources;
			sourceTree = "<group>";
		};
		4E1520E52A06D87300E42537 /* Utilites */ = {
			isa = PBXGroup;
			children = (
				4E1520D72A06CF1700E42537 /* Inter font */,
				4E1520E22A06D4E100E42537 /* Resources */,
			);
			path = Utilites;
			sourceTree = "<group>";
		};
		4E4993932A079CEC001CBF8C /* Onboarding */ = {
			isa = PBXGroup;
			children = (
			);
			path = Onboarding;
			sourceTree = "<group>";
		};
		4E4993942A079CFB001CBF8C /* Favorites */ = {
			isa = PBXGroup;
			children = (
			);
			path = Favorites;
			sourceTree = "<group>";
		};
		4E4993952A079D07001CBF8C /* NewsDetail */ = {
			isa = PBXGroup;
			children = (
			);
			path = NewsDetail;
			sourceTree = "<group>";
		};
		4E4993962A079D18001CBF8C /* UserScreen */ = {
			isa = PBXGroup;
			children = (
			);
			path = UserScreen;
			sourceTree = "<group>";
		};
		4E4993972A079D31001CBF8C /* VCs pro */ = {
			isa = PBXGroup;
			children = (
			);
			path = "VCs pro";
			sourceTree = "<group>";
		};
		4E4993982A07A5E7001CBF8C /* Model */ = {
			isa = PBXGroup;
			children = (
				4E4993992A07A7FC001CBF8C /* NewsModel.swift */,
				4E49939B2A07A84C001CBF8C /* NewsResponse.swift */,
				4ECDAAA62A082F4A00E8485C /* User.swift */,
			);
			path = Model;
			sourceTree = "<group>";
		};
		4E49939F2A07AB61001CBF8C /* Managers */ = {
			isa = PBXGroup;
			children = (
				4E4993A02A07AB73001CBF8C /* NetworkManager.swift */,
				4E4993A22A07AB84001CBF8C /* PersistenceManager.swift */,
			);
			path = Managers;
			sourceTree = "<group>";
		};
		4E4993A72A07AE0C001CBF8C /* Service */ = {
			isa = PBXGroup;
			children = (
				4E4993A82A07AE1B001CBF8C /* NewsService.swift */,
				4E4993A42A07AC1F001CBF8C /* NewsError.swift */,
			);
			path = Service;
			sourceTree = "<group>";
		};
		4E4993AA2A07AF75001CBF8C /* Network */ = {
			isa = PBXGroup;
			children = (
				4E4993A72A07AE0C001CBF8C /* Service */,
				4E49939F2A07AB61001CBF8C /* Managers */,
			);
			path = Network;
			sourceTree = "<group>";
		};
		C801486F2A0844E000EB1E99 /* Categories */ = {
			isa = PBXGroup;
			children = (
				C801486D2A0844DA00EB1E99 /* CategoriesViewController.swift */,
				C80148702A084DED00EB1E99 /* CategoriesPresenter.swift */,
			);
			path = Categories;
			sourceTree = "<group>";
		};
/* End PBXGroup section */

/* Begin PBXNativeTarget section */
		4E1520852A06C11400E42537 /* NewsToDay */ = {
			isa = PBXNativeTarget;
			buildConfigurationList = 4E1520B02A06C11700E42537 /* Build configuration list for PBXNativeTarget "NewsToDay" */;
			buildPhases = (
				4E1520822A06C11400E42537 /* Sources */,
				4E1520832A06C11400E42537 /* Frameworks */,
				4E1520842A06C11400E42537 /* Resources */,
			);
			buildRules = (
			);
			dependencies = (
			);
			name = NewsToDay;
			packageProductDependencies = (
				4ECDAAA42A082EBD00E8485C /* SnapKit */,
			);
			productName = NewsToDay;
			productReference = 4E1520862A06C11400E42537 /* NewsToDay.app */;
			productType = "com.apple.product-type.application";
		};
		4E15209B2A06C11700E42537 /* NewsToDayTests */ = {
			isa = PBXNativeTarget;
			buildConfigurationList = 4E1520B32A06C11700E42537 /* Build configuration list for PBXNativeTarget "NewsToDayTests" */;
			buildPhases = (
				4E1520982A06C11700E42537 /* Sources */,
				4E1520992A06C11700E42537 /* Frameworks */,
				4E15209A2A06C11700E42537 /* Resources */,
			);
			buildRules = (
			);
			dependencies = (
				4E15209E2A06C11700E42537 /* PBXTargetDependency */,
			);
			name = NewsToDayTests;
			productName = NewsToDayTests;
			productReference = 4E15209C2A06C11700E42537 /* NewsToDayTests.xctest */;
			productType = "com.apple.product-type.bundle.unit-test";
		};
		4E1520A52A06C11700E42537 /* NewsToDayUITests */ = {
			isa = PBXNativeTarget;
			buildConfigurationList = 4E1520B62A06C11700E42537 /* Build configuration list for PBXNativeTarget "NewsToDayUITests" */;
			buildPhases = (
				4E1520A22A06C11700E42537 /* Sources */,
				4E1520A32A06C11700E42537 /* Frameworks */,
				4E1520A42A06C11700E42537 /* Resources */,
			);
			buildRules = (
			);
			dependencies = (
				4E1520A82A06C11700E42537 /* PBXTargetDependency */,
			);
			name = NewsToDayUITests;
			productName = NewsToDayUITests;
			productReference = 4E1520A62A06C11700E42537 /* NewsToDayUITests.xctest */;
			productType = "com.apple.product-type.bundle.ui-testing";
		};
/* End PBXNativeTarget section */

/* Begin PBXProject section */
		4E15207E2A06C11400E42537 /* Project object */ = {
			isa = PBXProject;
			attributes = {
				BuildIndependentTargetsInParallel = 1;
				LastSwiftUpdateCheck = 1420;
				LastUpgradeCheck = 1420;
				TargetAttributes = {
					4E1520852A06C11400E42537 = {
						CreatedOnToolsVersion = 14.2;
					};
					4E15209B2A06C11700E42537 = {
						CreatedOnToolsVersion = 14.2;
						TestTargetID = 4E1520852A06C11400E42537;
					};
					4E1520A52A06C11700E42537 = {
						CreatedOnToolsVersion = 14.2;
						TestTargetID = 4E1520852A06C11400E42537;
					};
				};
			};
			buildConfigurationList = 4E1520812A06C11400E42537 /* Build configuration list for PBXProject "NewsToDay" */;
			compatibilityVersion = "Xcode 14.0";
			developmentRegion = en;
			hasScannedForEncodings = 0;
			knownRegions = (
				en,
				Base,
			);
			mainGroup = 4E15207D2A06C11400E42537;
			packageReferences = (
				4ECDAAA32A082EBD00E8485C /* XCRemoteSwiftPackageReference "SnapKit" */,
			);
			productRefGroup = 4E1520872A06C11400E42537 /* Products */;
			projectDirPath = "";
			projectRoot = "";
			targets = (
				4E1520852A06C11400E42537 /* NewsToDay */,
				4E15209B2A06C11700E42537 /* NewsToDayTests */,
				4E1520A52A06C11700E42537 /* NewsToDayUITests */,
			);
		};
/* End PBXProject section */

/* Begin PBXResourcesBuildPhase section */
		4E1520842A06C11400E42537 /* Resources */ = {
			isa = PBXResourcesBuildPhase;
			buildActionMask = 2147483647;
			files = (
				4E1520E12A06CF2300E42537 /* Links.md in Resources */,
				4E1520DC2A06CF1700E42537 /* Inter-Medium.ttf in Resources */,
				4E1520DD2A06CF1700E42537 /* Inter-Bold.ttf in Resources */,
				4E49939E2A07A902001CBF8C /* APIobj.plist in Resources */,
				4E1520962A06C11700E42537 /* LaunchScreen.storyboard in Resources */,
				4E1520932A06C11700E42537 /* Assets.xcassets in Resources */,
				4E1520DE2A06CF1700E42537 /* Inter-Regular.ttf in Resources */,
				4E1520DF2A06CF1700E42537 /* Inter-SemiBold.ttf in Resources */,
			);
			runOnlyForDeploymentPostprocessing = 0;
		};
		4E15209A2A06C11700E42537 /* Resources */ = {
			isa = PBXResourcesBuildPhase;
			buildActionMask = 2147483647;
			files = (
			);
			runOnlyForDeploymentPostprocessing = 0;
		};
		4E1520A42A06C11700E42537 /* Resources */ = {
			isa = PBXResourcesBuildPhase;
			buildActionMask = 2147483647;
			files = (
			);
			runOnlyForDeploymentPostprocessing = 0;
		};
/* End PBXResourcesBuildPhase section */

/* Begin PBXSourcesBuildPhase section */
		4E1520822A06C11400E42537 /* Sources */ = {
			isa = PBXSourcesBuildPhase;
			buildActionMask = 2147483647;
			files = (
				4E4993A12A07AB73001CBF8C /* NetworkManager.swift in Sources */,
				4E4993A52A07AC1F001CBF8C /* NewsError.swift in Sources */,
				C80148732A0851FD00EB1E99 /* Coordinator.swift in Sources */,
				C80148712A084DED00EB1E99 /* CategoriesPresenter.swift in Sources */,
				4E4993A32A07AB84001CBF8C /* PersistenceManager.swift in Sources */,
				4E49939A2A07A7FC001CBF8C /* NewsModel.swift in Sources */,
				4E49939C2A07A84C001CBF8C /* NewsResponse.swift in Sources */,
				4E1520E42A06D50200E42537 /* Constants.swift in Sources */,
				4ECDAAA72A082F4A00E8485C /* User.swift in Sources */,
				4E4993A92A07AE1B001CBF8C /* NewsService.swift in Sources */,
				4E15208E2A06C11400E42537 /* ViewController.swift in Sources */,
				4E15208A2A06C11400E42537 /* AppDelegate.swift in Sources */,
				4E1520D62A06CEE900E42537 /* TabBarController.swift in Sources */,
				4E15208C2A06C11400E42537 /* SceneDelegate.swift in Sources */,
				4E1520E72A06D89E00E42537 /* UIHelper.swift in Sources */,
				4ECDAAA22A082CEB00E8485C /* MainVC.swift in Sources */,
				C801486E2A0844DA00EB1E99 /* CategoriesViewController.swift in Sources */,
			);
			runOnlyForDeploymentPostprocessing = 0;
		};
		4E1520982A06C11700E42537 /* Sources */ = {
			isa = PBXSourcesBuildPhase;
			buildActionMask = 2147483647;
			files = (
				4E1520A12A06C11700E42537 /* NewsToDayTests.swift in Sources */,
			);
			runOnlyForDeploymentPostprocessing = 0;
		};
		4E1520A22A06C11700E42537 /* Sources */ = {
			isa = PBXSourcesBuildPhase;
			buildActionMask = 2147483647;
			files = (
				4E1520AB2A06C11700E42537 /* NewsToDayUITests.swift in Sources */,
				4E1520AD2A06C11700E42537 /* NewsToDayUITestsLaunchTests.swift in Sources */,
			);
			runOnlyForDeploymentPostprocessing = 0;
		};
/* End PBXSourcesBuildPhase section */

/* Begin PBXTargetDependency section */
		4E15209E2A06C11700E42537 /* PBXTargetDependency */ = {
			isa = PBXTargetDependency;
			target = 4E1520852A06C11400E42537 /* NewsToDay */;
			targetProxy = 4E15209D2A06C11700E42537 /* PBXContainerItemProxy */;
		};
		4E1520A82A06C11700E42537 /* PBXTargetDependency */ = {
			isa = PBXTargetDependency;
			target = 4E1520852A06C11400E42537 /* NewsToDay */;
			targetProxy = 4E1520A72A06C11700E42537 /* PBXContainerItemProxy */;
		};
/* End PBXTargetDependency section */

/* Begin PBXVariantGroup section */
		4E1520942A06C11700E42537 /* LaunchScreen.storyboard */ = {
			isa = PBXVariantGroup;
			children = (
				4E1520952A06C11700E42537 /* Base */,
			);
			name = LaunchScreen.storyboard;
			sourceTree = "<group>";
		};
/* End PBXVariantGroup section */

/* Begin XCBuildConfiguration section */
		4E1520AE2A06C11700E42537 /* Debug */ = {
			isa = XCBuildConfiguration;
			buildSettings = {
				ALWAYS_SEARCH_USER_PATHS = NO;
				CLANG_ANALYZER_NONNULL = YES;
				CLANG_ANALYZER_NUMBER_OBJECT_CONVERSION = YES_AGGRESSIVE;
				CLANG_CXX_LANGUAGE_STANDARD = "gnu++20";
				CLANG_ENABLE_MODULES = YES;
				CLANG_ENABLE_OBJC_ARC = YES;
				CLANG_ENABLE_OBJC_WEAK = YES;
				CLANG_WARN_BLOCK_CAPTURE_AUTORELEASING = YES;
				CLANG_WARN_BOOL_CONVERSION = YES;
				CLANG_WARN_COMMA = YES;
				CLANG_WARN_CONSTANT_CONVERSION = YES;
				CLANG_WARN_DEPRECATED_OBJC_IMPLEMENTATIONS = YES;
				CLANG_WARN_DIRECT_OBJC_ISA_USAGE = YES_ERROR;
				CLANG_WARN_DOCUMENTATION_COMMENTS = YES;
				CLANG_WARN_EMPTY_BODY = YES;
				CLANG_WARN_ENUM_CONVERSION = YES;
				CLANG_WARN_INFINITE_RECURSION = YES;
				CLANG_WARN_INT_CONVERSION = YES;
				CLANG_WARN_NON_LITERAL_NULL_CONVERSION = YES;
				CLANG_WARN_OBJC_IMPLICIT_RETAIN_SELF = YES;
				CLANG_WARN_OBJC_LITERAL_CONVERSION = YES;
				CLANG_WARN_OBJC_ROOT_CLASS = YES_ERROR;
				CLANG_WARN_QUOTED_INCLUDE_IN_FRAMEWORK_HEADER = YES;
				CLANG_WARN_RANGE_LOOP_ANALYSIS = YES;
				CLANG_WARN_STRICT_PROTOTYPES = YES;
				CLANG_WARN_SUSPICIOUS_MOVE = YES;
				CLANG_WARN_UNGUARDED_AVAILABILITY = YES_AGGRESSIVE;
				CLANG_WARN_UNREACHABLE_CODE = YES;
				CLANG_WARN__DUPLICATE_METHOD_MATCH = YES;
				COPY_PHASE_STRIP = NO;
				DEBUG_INFORMATION_FORMAT = dwarf;
				ENABLE_STRICT_OBJC_MSGSEND = YES;
				ENABLE_TESTABILITY = YES;
				GCC_C_LANGUAGE_STANDARD = gnu11;
				GCC_DYNAMIC_NO_PIC = NO;
				GCC_NO_COMMON_BLOCKS = YES;
				GCC_OPTIMIZATION_LEVEL = 0;
				GCC_PREPROCESSOR_DEFINITIONS = (
					"DEBUG=1",
					"$(inherited)",
				);
				GCC_WARN_64_TO_32_BIT_CONVERSION = YES;
				GCC_WARN_ABOUT_RETURN_TYPE = YES_ERROR;
				GCC_WARN_UNDECLARED_SELECTOR = YES;
				GCC_WARN_UNINITIALIZED_AUTOS = YES_AGGRESSIVE;
				GCC_WARN_UNUSED_FUNCTION = YES;
				GCC_WARN_UNUSED_VARIABLE = YES;
				IPHONEOS_DEPLOYMENT_TARGET = 15.0;
				MTL_ENABLE_DEBUG_INFO = INCLUDE_SOURCE;
				MTL_FAST_MATH = YES;
				ONLY_ACTIVE_ARCH = YES;
				SDKROOT = iphoneos;
				SWIFT_ACTIVE_COMPILATION_CONDITIONS = DEBUG;
				SWIFT_OPTIMIZATION_LEVEL = "-Onone";
			};
			name = Debug;
		};
		4E1520AF2A06C11700E42537 /* Release */ = {
			isa = XCBuildConfiguration;
			buildSettings = {
				ALWAYS_SEARCH_USER_PATHS = NO;
				CLANG_ANALYZER_NONNULL = YES;
				CLANG_ANALYZER_NUMBER_OBJECT_CONVERSION = YES_AGGRESSIVE;
				CLANG_CXX_LANGUAGE_STANDARD = "gnu++20";
				CLANG_ENABLE_MODULES = YES;
				CLANG_ENABLE_OBJC_ARC = YES;
				CLANG_ENABLE_OBJC_WEAK = YES;
				CLANG_WARN_BLOCK_CAPTURE_AUTORELEASING = YES;
				CLANG_WARN_BOOL_CONVERSION = YES;
				CLANG_WARN_COMMA = YES;
				CLANG_WARN_CONSTANT_CONVERSION = YES;
				CLANG_WARN_DEPRECATED_OBJC_IMPLEMENTATIONS = YES;
				CLANG_WARN_DIRECT_OBJC_ISA_USAGE = YES_ERROR;
				CLANG_WARN_DOCUMENTATION_COMMENTS = YES;
				CLANG_WARN_EMPTY_BODY = YES;
				CLANG_WARN_ENUM_CONVERSION = YES;
				CLANG_WARN_INFINITE_RECURSION = YES;
				CLANG_WARN_INT_CONVERSION = YES;
				CLANG_WARN_NON_LITERAL_NULL_CONVERSION = YES;
				CLANG_WARN_OBJC_IMPLICIT_RETAIN_SELF = YES;
				CLANG_WARN_OBJC_LITERAL_CONVERSION = YES;
				CLANG_WARN_OBJC_ROOT_CLASS = YES_ERROR;
				CLANG_WARN_QUOTED_INCLUDE_IN_FRAMEWORK_HEADER = YES;
				CLANG_WARN_RANGE_LOOP_ANALYSIS = YES;
				CLANG_WARN_STRICT_PROTOTYPES = YES;
				CLANG_WARN_SUSPICIOUS_MOVE = YES;
				CLANG_WARN_UNGUARDED_AVAILABILITY = YES_AGGRESSIVE;
				CLANG_WARN_UNREACHABLE_CODE = YES;
				CLANG_WARN__DUPLICATE_METHOD_MATCH = YES;
				COPY_PHASE_STRIP = NO;
				DEBUG_INFORMATION_FORMAT = "dwarf-with-dsym";
				ENABLE_NS_ASSERTIONS = NO;
				ENABLE_STRICT_OBJC_MSGSEND = YES;
				GCC_C_LANGUAGE_STANDARD = gnu11;
				GCC_NO_COMMON_BLOCKS = YES;
				GCC_WARN_64_TO_32_BIT_CONVERSION = YES;
				GCC_WARN_ABOUT_RETURN_TYPE = YES_ERROR;
				GCC_WARN_UNDECLARED_SELECTOR = YES;
				GCC_WARN_UNINITIALIZED_AUTOS = YES_AGGRESSIVE;
				GCC_WARN_UNUSED_FUNCTION = YES;
				GCC_WARN_UNUSED_VARIABLE = YES;
				IPHONEOS_DEPLOYMENT_TARGET = 15.0;
				MTL_ENABLE_DEBUG_INFO = NO;
				MTL_FAST_MATH = YES;
				SDKROOT = iphoneos;
				SWIFT_COMPILATION_MODE = wholemodule;
				SWIFT_OPTIMIZATION_LEVEL = "-O";
				VALIDATE_PRODUCT = YES;
			};
			name = Release;
		};
		4E1520B12A06C11700E42537 /* Debug */ = {
			isa = XCBuildConfiguration;
			buildSettings = {
				ASSETCATALOG_COMPILER_APPICON_NAME = AppIcon;
				ASSETCATALOG_COMPILER_GLOBAL_ACCENT_COLOR_NAME = AccentColor;
				CODE_SIGN_STYLE = Automatic;
				CURRENT_PROJECT_VERSION = 1;
				DEVELOPMENT_TEAM = 5PVHGUKPAW;
				GENERATE_INFOPLIST_FILE = YES;
				INFOPLIST_FILE = NewsToDay/Info.plist;
				INFOPLIST_KEY_UIApplicationSupportsIndirectInputEvents = YES;
				INFOPLIST_KEY_UILaunchStoryboardName = LaunchScreen;
				INFOPLIST_KEY_UISupportedInterfaceOrientations = "UIInterfaceOrientationLandscapeRight UIInterfaceOrientationPortrait";
				INFOPLIST_KEY_UISupportedInterfaceOrientations_iPad = "UIInterfaceOrientationLandscapeLeft UIInterfaceOrientationLandscapeRight UIInterfaceOrientationPortrait UIInterfaceOrientationPortraitUpsideDown";
				IPHONEOS_DEPLOYMENT_TARGET = 15.0;
				LD_RUNPATH_SEARCH_PATHS = (
					"$(inherited)",
					"@executable_path/Frameworks",
				);
				MARKETING_VERSION = 1.0;
				PRODUCT_BUNDLE_IDENTIFIER = com.CodingKovs.NewsToDay;
				PRODUCT_NAME = "$(TARGET_NAME)";
				SUPPORTED_PLATFORMS = "iphoneos iphonesimulator";
				SUPPORTS_MACCATALYST = NO;
				SUPPORTS_MAC_DESIGNED_FOR_IPHONE_IPAD = NO;
				SWIFT_EMIT_LOC_STRINGS = YES;
				SWIFT_VERSION = 5.0;
				TARGETED_DEVICE_FAMILY = 1;
			};
			name = Debug;
		};
		4E1520B22A06C11700E42537 /* Release */ = {
			isa = XCBuildConfiguration;
			buildSettings = {
				ASSETCATALOG_COMPILER_APPICON_NAME = AppIcon;
				ASSETCATALOG_COMPILER_GLOBAL_ACCENT_COLOR_NAME = AccentColor;
				CODE_SIGN_STYLE = Automatic;
				CURRENT_PROJECT_VERSION = 1;
				DEVELOPMENT_TEAM = 5PVHGUKPAW;
				GENERATE_INFOPLIST_FILE = YES;
				INFOPLIST_FILE = NewsToDay/Info.plist;
				INFOPLIST_KEY_UIApplicationSupportsIndirectInputEvents = YES;
				INFOPLIST_KEY_UILaunchStoryboardName = LaunchScreen;
				INFOPLIST_KEY_UISupportedInterfaceOrientations = "UIInterfaceOrientationLandscapeRight UIInterfaceOrientationPortrait";
				INFOPLIST_KEY_UISupportedInterfaceOrientations_iPad = "UIInterfaceOrientationLandscapeLeft UIInterfaceOrientationLandscapeRight UIInterfaceOrientationPortrait UIInterfaceOrientationPortraitUpsideDown";
				IPHONEOS_DEPLOYMENT_TARGET = 15.0;
				LD_RUNPATH_SEARCH_PATHS = (
					"$(inherited)",
					"@executable_path/Frameworks",
				);
				MARKETING_VERSION = 1.0;
				PRODUCT_BUNDLE_IDENTIFIER = com.CodingKovs.NewsToDay;
				PRODUCT_NAME = "$(TARGET_NAME)";
				SUPPORTED_PLATFORMS = "iphoneos iphonesimulator";
				SUPPORTS_MACCATALYST = NO;
				SUPPORTS_MAC_DESIGNED_FOR_IPHONE_IPAD = NO;
				SWIFT_EMIT_LOC_STRINGS = YES;
				SWIFT_VERSION = 5.0;
				TARGETED_DEVICE_FAMILY = 1;
			};
			name = Release;
		};
		4E1520B42A06C11700E42537 /* Debug */ = {
			isa = XCBuildConfiguration;
			buildSettings = {
				ALWAYS_EMBED_SWIFT_STANDARD_LIBRARIES = YES;
				BUNDLE_LOADER = "$(TEST_HOST)";
				CODE_SIGN_STYLE = Automatic;
				CURRENT_PROJECT_VERSION = 1;
				DEVELOPMENT_TEAM = 5PVHGUKPAW;
				GENERATE_INFOPLIST_FILE = YES;
				IPHONEOS_DEPLOYMENT_TARGET = 15.0;
				MARKETING_VERSION = 1.0;
				PRODUCT_BUNDLE_IDENTIFIER = com.CodingKovs.NewsToDayTests;
				PRODUCT_NAME = "$(TARGET_NAME)";
				SWIFT_EMIT_LOC_STRINGS = NO;
				SWIFT_VERSION = 5.0;
				TARGETED_DEVICE_FAMILY = "1,2";
				TEST_HOST = "$(BUILT_PRODUCTS_DIR)/NewsToDay.app/$(BUNDLE_EXECUTABLE_FOLDER_PATH)/NewsToDay";
			};
			name = Debug;
		};
		4E1520B52A06C11700E42537 /* Release */ = {
			isa = XCBuildConfiguration;
			buildSettings = {
				ALWAYS_EMBED_SWIFT_STANDARD_LIBRARIES = YES;
				BUNDLE_LOADER = "$(TEST_HOST)";
				CODE_SIGN_STYLE = Automatic;
				CURRENT_PROJECT_VERSION = 1;
				DEVELOPMENT_TEAM = 5PVHGUKPAW;
				GENERATE_INFOPLIST_FILE = YES;
				IPHONEOS_DEPLOYMENT_TARGET = 15.0;
				MARKETING_VERSION = 1.0;
				PRODUCT_BUNDLE_IDENTIFIER = com.CodingKovs.NewsToDayTests;
				PRODUCT_NAME = "$(TARGET_NAME)";
				SWIFT_EMIT_LOC_STRINGS = NO;
				SWIFT_VERSION = 5.0;
				TARGETED_DEVICE_FAMILY = "1,2";
				TEST_HOST = "$(BUILT_PRODUCTS_DIR)/NewsToDay.app/$(BUNDLE_EXECUTABLE_FOLDER_PATH)/NewsToDay";
			};
			name = Release;
		};
		4E1520B72A06C11700E42537 /* Debug */ = {
			isa = XCBuildConfiguration;
			buildSettings = {
				ALWAYS_EMBED_SWIFT_STANDARD_LIBRARIES = YES;
				CODE_SIGN_STYLE = Automatic;
				CURRENT_PROJECT_VERSION = 1;
				DEVELOPMENT_TEAM = 5PVHGUKPAW;
				GENERATE_INFOPLIST_FILE = YES;
				MARKETING_VERSION = 1.0;
				PRODUCT_BUNDLE_IDENTIFIER = com.CodingKovs.NewsToDayUITests;
				PRODUCT_NAME = "$(TARGET_NAME)";
				SWIFT_EMIT_LOC_STRINGS = NO;
				SWIFT_VERSION = 5.0;
				TARGETED_DEVICE_FAMILY = "1,2";
				TEST_TARGET_NAME = NewsToDay;
			};
			name = Debug;
		};
		4E1520B82A06C11700E42537 /* Release */ = {
			isa = XCBuildConfiguration;
			buildSettings = {
				ALWAYS_EMBED_SWIFT_STANDARD_LIBRARIES = YES;
				CODE_SIGN_STYLE = Automatic;
				CURRENT_PROJECT_VERSION = 1;
				DEVELOPMENT_TEAM = 5PVHGUKPAW;
				GENERATE_INFOPLIST_FILE = YES;
				MARKETING_VERSION = 1.0;
				PRODUCT_BUNDLE_IDENTIFIER = com.CodingKovs.NewsToDayUITests;
				PRODUCT_NAME = "$(TARGET_NAME)";
				SWIFT_EMIT_LOC_STRINGS = NO;
				SWIFT_VERSION = 5.0;
				TARGETED_DEVICE_FAMILY = "1,2";
				TEST_TARGET_NAME = NewsToDay;
			};
			name = Release;
		};
/* End XCBuildConfiguration section */

/* Begin XCConfigurationList section */
		4E1520812A06C11400E42537 /* Build configuration list for PBXProject "NewsToDay" */ = {
			isa = XCConfigurationList;
			buildConfigurations = (
				4E1520AE2A06C11700E42537 /* Debug */,
				4E1520AF2A06C11700E42537 /* Release */,
			);
			defaultConfigurationIsVisible = 0;
			defaultConfigurationName = Release;
		};
		4E1520B02A06C11700E42537 /* Build configuration list for PBXNativeTarget "NewsToDay" */ = {
			isa = XCConfigurationList;
			buildConfigurations = (
				4E1520B12A06C11700E42537 /* Debug */,
				4E1520B22A06C11700E42537 /* Release */,
			);
			defaultConfigurationIsVisible = 0;
			defaultConfigurationName = Release;
		};
		4E1520B32A06C11700E42537 /* Build configuration list for PBXNativeTarget "NewsToDayTests" */ = {
			isa = XCConfigurationList;
			buildConfigurations = (
				4E1520B42A06C11700E42537 /* Debug */,
				4E1520B52A06C11700E42537 /* Release */,
			);
			defaultConfigurationIsVisible = 0;
			defaultConfigurationName = Release;
		};
		4E1520B62A06C11700E42537 /* Build configuration list for PBXNativeTarget "NewsToDayUITests" */ = {
			isa = XCConfigurationList;
			buildConfigurations = (
				4E1520B72A06C11700E42537 /* Debug */,
				4E1520B82A06C11700E42537 /* Release */,
			);
			defaultConfigurationIsVisible = 0;
			defaultConfigurationName = Release;
		};
/* End XCConfigurationList section */

/* Begin XCRemoteSwiftPackageReference section */
		4ECDAAA32A082EBD00E8485C /* XCRemoteSwiftPackageReference "SnapKit" */ = {
			isa = XCRemoteSwiftPackageReference;
			repositoryURL = "https://github.com/SnapKit/SnapKit";
			requirement = {
				kind = upToNextMajorVersion;
				minimumVersion = 5.0.0;
			};
		};
/* End XCRemoteSwiftPackageReference section */

/* Begin XCSwiftPackageProductDependency section */
		4ECDAAA42A082EBD00E8485C /* SnapKit */ = {
			isa = XCSwiftPackageProductDependency;
			package = 4ECDAAA32A082EBD00E8485C /* XCRemoteSwiftPackageReference "SnapKit" */;
			productName = SnapKit;
		};
/* End XCSwiftPackageProductDependency section */
	};
	rootObject = 4E15207E2A06C11400E42537 /* Project object */;
}
