// !$*UTF8*$!
{
	archiveVersion = 1;
	classes = {
	};
	objectVersion = 56;
	objects = {

/* Begin PBXBuildFile section */
		4E15208A2A06C11400E42537 /* AppDelegate.swift in Sources */ = {isa = PBXBuildFile; fileRef = 4E1520892A06C11400E42537 /* AppDelegate.swift */; };
		4E15208C2A06C11400E42537 /* SceneDelegate.swift in Sources */ = {isa = PBXBuildFile; fileRef = 4E15208B2A06C11400E42537 /* SceneDelegate.swift */; };
		4E15208E2A06C11400E42537 /* ViewController.swift in Sources */ = {isa = PBXBuildFile; fileRef = 4E15208D2A06C11400E42537 /* ViewController.swift */; };
		4E1520932A06C11700E42537 /* Assets.xcassets in Resources */ = {isa = PBXBuildFile; fileRef = 4E1520922A06C11700E42537 /* Assets.xcassets */; };
		4E1520962A06C11700E42537 /* LaunchScreen.storyboard in Resources */ = {isa = PBXBuildFile; fileRef = 4E1520942A06C11700E42537 /* LaunchScreen.storyboard */; };
		4E1520A12A06C11700E42537 /* NewsToDayTests.swift in Sources */ = {isa = PBXBuildFile; fileRef = 4E1520A02A06C11700E42537 /* NewsToDayTests.swift */; };
		4E1520AB2A06C11700E42537 /* NewsToDayUITests.swift in Sources */ = {isa = PBXBuildFile; fileRef = 4E1520AA2A06C11700E42537 /* NewsToDayUITests.swift */; };
		4E1520AD2A06C11700E42537 /* NewsToDayUITestsLaunchTests.swift in Sources */ = {isa = PBXBuildFile; fileRef = 4E1520AC2A06C11700E42537 /* NewsToDayUITestsLaunchTests.swift */; };
		4E1520D62A06CEE900E42537 /* TabBarController.swift in Sources */ = {isa = PBXBuildFile; fileRef = 4E1520D52A06CEE900E42537 /* TabBarController.swift */; };
		4E1520DC2A06CF1700E42537 /* Inter-Medium.ttf in Resources */ = {isa = PBXBuildFile; fileRef = 4E1520D82A06CF1700E42537 /* Inter-Medium.ttf */; };
		4E1520DD2A06CF1700E42537 /* Inter-Bold.ttf in Resources */ = {isa = PBXBuildFile; fileRef = 4E1520D92A06CF1700E42537 /* Inter-Bold.ttf */; };
		4E1520DE2A06CF1700E42537 /* Inter-Regular.ttf in Resources */ = {isa = PBXBuildFile; fileRef = 4E1520DA2A06CF1700E42537 /* Inter-Regular.ttf */; };
		4E1520DF2A06CF1700E42537 /* Inter-SemiBold.ttf in Resources */ = {isa = PBXBuildFile; fileRef = 4E1520DB2A06CF1700E42537 /* Inter-SemiBold.ttf */; };
		4E1520E12A06CF2300E42537 /* Links.md in Resources */ = {isa = PBXBuildFile; fileRef = 4E1520E02A06CF2300E42537 /* Links.md */; };
		4E1520E42A06D50200E42537 /* Constants.swift in Sources */ = {isa = PBXBuildFile; fileRef = 4E1520E32A06D50200E42537 /* Constants.swift */; };
		4E1520E72A06D89E00E42537 /* UIHelper.swift in Sources */ = {isa = PBXBuildFile; fileRef = 4E1520E62A06D89E00E42537 /* UIHelper.swift */; };
		4E29BAFE2A14B95400590BF9 /* InterLabel.swift in Sources */ = {isa = PBXBuildFile; fileRef = 4E29BAFD2A14B95400590BF9 /* InterLabel.swift */; };
		4E49939A2A07A7FC001CBF8C /* NewsModel.swift in Sources */ = {isa = PBXBuildFile; fileRef = 4E4993992A07A7FC001CBF8C /* NewsModel.swift */; };
		4E49939C2A07A84C001CBF8C /* NewsResponse.swift in Sources */ = {isa = PBXBuildFile; fileRef = 4E49939B2A07A84C001CBF8C /* NewsResponse.swift */; };
		4E49939E2A07A902001CBF8C /* APIobj.plist in Resources */ = {isa = PBXBuildFile; fileRef = 4E49939D2A07A902001CBF8C /* APIobj.plist */; };
		4E4993A12A07AB73001CBF8C /* NetworkManager.swift in Sources */ = {isa = PBXBuildFile; fileRef = 4E4993A02A07AB73001CBF8C /* NetworkManager.swift */; };
		4E4993A32A07AB84001CBF8C /* PersistenceManager.swift in Sources */ = {isa = PBXBuildFile; fileRef = 4E4993A22A07AB84001CBF8C /* PersistenceManager.swift */; };
		4E4993A52A07AC1F001CBF8C /* NewsError.swift in Sources */ = {isa = PBXBuildFile; fileRef = 4E4993A42A07AC1F001CBF8C /* NewsError.swift */; };
		4E4993A92A07AE1B001CBF8C /* NewsService.swift in Sources */ = {isa = PBXBuildFile; fileRef = 4E4993A82A07AE1B001CBF8C /* NewsService.swift */; };
		4E7256A12A139B73000D9DD0 /* MemoryManager.swift in Sources */ = {isa = PBXBuildFile; fileRef = 4E7256A02A139B73000D9DD0 /* MemoryManager.swift */; };
		4EB149C92A11E853002A6362 /* RegisterVC+Ext.swift in Sources */ = {isa = PBXBuildFile; fileRef = 4EB149C82A11E853002A6362 /* RegisterVC+Ext.swift */; };
		4EB149CC2A1214C4002A6362 /* DetailPresenter.swift in Sources */ = {isa = PBXBuildFile; fileRef = 4EB149CB2A1214C4002A6362 /* DetailPresenter.swift */; };
		4EB149CE2A1214CC002A6362 /* DetailVC.swift in Sources */ = {isa = PBXBuildFile; fileRef = 4EB149CD2A1214CC002A6362 /* DetailVC.swift */; };
		4EB149D02A123508002A6362 /* ProfilePresenter.swift in Sources */ = {isa = PBXBuildFile; fileRef = 4EB149CF2A123508002A6362 /* ProfilePresenter.swift */; };
		4EB149D22A123835002A6362 /* ProfileVC+Ext.swift in Sources */ = {isa = PBXBuildFile; fileRef = 4EB149D12A123835002A6362 /* ProfileVC+Ext.swift */; };
		4EB149D42A123F76002A6362 /* ProfileButton.swift in Sources */ = {isa = PBXBuildFile; fileRef = 4EB149D32A123F76002A6362 /* ProfileButton.swift */; };
		4ECDAAA22A082CEB00E8485C /* MainVC.swift in Sources */ = {isa = PBXBuildFile; fileRef = 4ECDAAA12A082CEB00E8485C /* MainVC.swift */; };
		4ECDAAA52A082EBD00E8485C /* SnapKit in Frameworks */ = {isa = PBXBuildFile; productRef = 4ECDAAA42A082EBD00E8485C /* SnapKit */; };
		4ECDAAA72A082F4A00E8485C /* User.swift in Sources */ = {isa = PBXBuildFile; fileRef = 4ECDAAA62A082F4A00E8485C /* User.swift */; };
		4EE9C2542A10225800691420 /* AccountPresenter.swift in Sources */ = {isa = PBXBuildFile; fileRef = 4EE9C2532A10225800691420 /* AccountPresenter.swift */; };
		4EE9C2562A10226A00691420 /* RegisterPresenter.swift in Sources */ = {isa = PBXBuildFile; fileRef = 4EE9C2552A10226A00691420 /* RegisterPresenter.swift */; };
		4EE9C2582A102F8000691420 /* AccountVC+Ext.swift in Sources */ = {isa = PBXBuildFile; fileRef = 4EE9C2572A102F8000691420 /* AccountVC+Ext.swift */; };
		8432B2882A1230F100B2FFF0 /* ProfileVC.swift in Sources */ = {isa = PBXBuildFile; fileRef = 8432B2872A1230F100B2FFF0 /* ProfileVC.swift */; };
		C81C1F2F2A128F6400A974B0 /* FirebaseAuth in Frameworks */ = {isa = PBXBuildFile; productRef = C81C1F2E2A128F6400A974B0 /* FirebaseAuth */; };
		C81C1F312A128F6400A974B0 /* FirebaseFirestore in Frameworks */ = {isa = PBXBuildFile; productRef = C81C1F302A128F6400A974B0 /* FirebaseFirestore */; };
		C81C1F342A12923B00A974B0 /* GoogleSignIn in Frameworks */ = {isa = PBXBuildFile; productRef = C81C1F332A12923B00A974B0 /* GoogleSignIn */; };
		C81C1F3B2A1394B500A974B0 /* NewsNetworkManager.swift in Sources */ = {isa = PBXBuildFile; fileRef = C81C1F3A2A1394B500A974B0 /* NewsNetworkManager.swift */; };
		C81C1F3D2A13951200A974B0 /* Endpoint.swift in Sources */ = {isa = PBXBuildFile; fileRef = C81C1F3C2A13951200A974B0 /* Endpoint.swift */; };
		C81C1F412A139F6100A974B0 /* GoogleService-Info.plist in Resources */ = {isa = PBXBuildFile; fileRef = C81C1F402A139F6100A974B0 /* GoogleService-Info.plist */; };
		C89F271E2A0E4E9100508FF9 /* ResultPresenter.swift in Sources */ = {isa = PBXBuildFile; fileRef = C89F271D2A0E4E9100508FF9 /* ResultPresenter.swift */; };
		C89F27202A0E4EA200508FF9 /* ResultViewController.swift in Sources */ = {isa = PBXBuildFile; fileRef = C89F271F2A0E4EA200508FF9 /* ResultViewController.swift */; };
		C89F27232A0E519A00508FF9 /* BookmarksTableViewCell.swift in Sources */ = {isa = PBXBuildFile; fileRef = C89F27222A0E519A00508FF9 /* BookmarksTableViewCell.swift */; };
		C8F15FE62A0D250300C63C6C /* Coordinator.swift in Sources */ = {isa = PBXBuildFile; fileRef = C8F15FE52A0D250300C63C6C /* Coordinator.swift */; };
		C8F15FE92A0D253100C63C6C /* TermsConditionsVC.swift in Sources */ = {isa = PBXBuildFile; fileRef = C8F15FE82A0D253100C63C6C /* TermsConditionsVC.swift */; };
		C8F15FF02A0D255200C63C6C /* BrowseViewModel.swift in Sources */ = {isa = PBXBuildFile; fileRef = C8F15FEB2A0D255200C63C6C /* BrowseViewModel.swift */; };
		C8F15FF12A0D255200C63C6C /* BrowseViewController.swift in Sources */ = {isa = PBXBuildFile; fileRef = C8F15FEC2A0D255200C63C6C /* BrowseViewController.swift */; };
		C8F15FF22A0D255200C63C6C /* CategoriesViewController.swift in Sources */ = {isa = PBXBuildFile; fileRef = C8F15FEE2A0D255200C63C6C /* CategoriesViewController.swift */; };
		C8F15FF32A0D255200C63C6C /* CategoriesPresenter.swift in Sources */ = {isa = PBXBuildFile; fileRef = C8F15FEF2A0D255200C63C6C /* CategoriesPresenter.swift */; };
		C8F15FF52A0D256C00C63C6C /* Category.swift in Sources */ = {isa = PBXBuildFile; fileRef = C8F15FF42A0D256C00C63C6C /* Category.swift */; };
		C8F15FF72A0D259400C63C6C /* CategoryManager.swift in Sources */ = {isa = PBXBuildFile; fileRef = C8F15FF62A0D259400C63C6C /* CategoryManager.swift */; };
		C8F15FFF2A0D25E900C63C6C /* SectionHeaderView.swift in Sources */ = {isa = PBXBuildFile; fileRef = C8F15FF82A0D25E900C63C6C /* SectionHeaderView.swift */; };
		C8F160002A0D25E900C63C6C /* CategoryCell.swift in Sources */ = {isa = PBXBuildFile; fileRef = C8F15FFB2A0D25E900C63C6C /* CategoryCell.swift */; };
		C8F160012A0D25E900C63C6C /* NewsCell.swift in Sources */ = {isa = PBXBuildFile; fileRef = C8F15FFC2A0D25E900C63C6C /* NewsCell.swift */; };
		C8F160022A0D25E900C63C6C /* CategriesCollectionViewCell.swift .swift in Sources */ = {isa = PBXBuildFile; fileRef = C8F15FFE2A0D25E900C63C6C /* CategriesCollectionViewCell.swift .swift */; };
		EB28CFE32A0A2F4600C847CE /* credentials.plist in Resources */ = {isa = PBXBuildFile; fileRef = EB28CFE22A0A2F4600C847CE /* credentials.plist */; };
		EB6909F72A094044009E0A1C /* AccountController.swift in Sources */ = {isa = PBXBuildFile; fileRef = EB6909F62A094044009E0A1C /* AccountController.swift */; };
		EB6909FB2A095261009E0A1C /* RegisterController.swift in Sources */ = {isa = PBXBuildFile; fileRef = EB6909FA2A095261009E0A1C /* RegisterController.swift */; };
/* End PBXBuildFile section */

/* Begin PBXContainerItemProxy section */
		4E15209D2A06C11700E42537 /* PBXContainerItemProxy */ = {
			isa = PBXContainerItemProxy;
			containerPortal = 4E15207E2A06C11400E42537 /* Project object */;
			proxyType = 1;
			remoteGlobalIDString = 4E1520852A06C11400E42537;
			remoteInfo = NewsToDay;
		};
		4E1520A72A06C11700E42537 /* PBXContainerItemProxy */ = {
			isa = PBXContainerItemProxy;
			containerPortal = 4E15207E2A06C11400E42537 /* Project object */;
			proxyType = 1;
			remoteGlobalIDString = 4E1520852A06C11400E42537;
			remoteInfo = NewsToDay;
		};
/* End PBXContainerItemProxy section */

/* Begin PBXFileReference section */
		4E1520862A06C11400E42537 /* NewsToDay.app */ = {isa = PBXFileReference; explicitFileType = wrapper.application; includeInIndex = 0; path = NewsToDay.app; sourceTree = BUILT_PRODUCTS_DIR; };
		4E1520892A06C11400E42537 /* AppDelegate.swift */ = {isa = PBXFileReference; lastKnownFileType = sourcecode.swift; path = AppDelegate.swift; sourceTree = "<group>"; };
		4E15208B2A06C11400E42537 /* SceneDelegate.swift */ = {isa = PBXFileReference; lastKnownFileType = sourcecode.swift; path = SceneDelegate.swift; sourceTree = "<group>"; };
		4E15208D2A06C11400E42537 /* ViewController.swift */ = {isa = PBXFileReference; lastKnownFileType = sourcecode.swift; path = ViewController.swift; sourceTree = "<group>"; };
		4E1520922A06C11700E42537 /* Assets.xcassets */ = {isa = PBXFileReference; lastKnownFileType = folder.assetcatalog; path = Assets.xcassets; sourceTree = "<group>"; };
		4E1520952A06C11700E42537 /* Base */ = {isa = PBXFileReference; lastKnownFileType = file.storyboard; name = Base; path = Base.lproj/LaunchScreen.storyboard; sourceTree = "<group>"; };
		4E1520972A06C11700E42537 /* Info.plist */ = {isa = PBXFileReference; lastKnownFileType = text.plist.xml; path = Info.plist; sourceTree = "<group>"; };
		4E15209C2A06C11700E42537 /* NewsToDayTests.xctest */ = {isa = PBXFileReference; explicitFileType = wrapper.cfbundle; includeInIndex = 0; path = NewsToDayTests.xctest; sourceTree = BUILT_PRODUCTS_DIR; };
		4E1520A02A06C11700E42537 /* NewsToDayTests.swift */ = {isa = PBXFileReference; lastKnownFileType = sourcecode.swift; path = NewsToDayTests.swift; sourceTree = "<group>"; };
		4E1520A62A06C11700E42537 /* NewsToDayUITests.xctest */ = {isa = PBXFileReference; explicitFileType = wrapper.cfbundle; includeInIndex = 0; path = NewsToDayUITests.xctest; sourceTree = BUILT_PRODUCTS_DIR; };
		4E1520AA2A06C11700E42537 /* NewsToDayUITests.swift */ = {isa = PBXFileReference; lastKnownFileType = sourcecode.swift; path = NewsToDayUITests.swift; sourceTree = "<group>"; };
		4E1520AC2A06C11700E42537 /* NewsToDayUITestsLaunchTests.swift */ = {isa = PBXFileReference; lastKnownFileType = sourcecode.swift; path = NewsToDayUITestsLaunchTests.swift; sourceTree = "<group>"; };
		4E1520D52A06CEE900E42537 /* TabBarController.swift */ = {isa = PBXFileReference; lastKnownFileType = sourcecode.swift; path = TabBarController.swift; sourceTree = "<group>"; };
		4E1520D82A06CF1700E42537 /* Inter-Medium.ttf */ = {isa = PBXFileReference; lastKnownFileType = file; path = "Inter-Medium.ttf"; sourceTree = "<group>"; };
		4E1520D92A06CF1700E42537 /* Inter-Bold.ttf */ = {isa = PBXFileReference; lastKnownFileType = file; path = "Inter-Bold.ttf"; sourceTree = "<group>"; };
		4E1520DA2A06CF1700E42537 /* Inter-Regular.ttf */ = {isa = PBXFileReference; lastKnownFileType = file; path = "Inter-Regular.ttf"; sourceTree = "<group>"; };
		4E1520DB2A06CF1700E42537 /* Inter-SemiBold.ttf */ = {isa = PBXFileReference; lastKnownFileType = file; path = "Inter-SemiBold.ttf"; sourceTree = "<group>"; };
		4E1520E02A06CF2300E42537 /* Links.md */ = {isa = PBXFileReference; fileEncoding = 4; lastKnownFileType = net.daringfireball.markdown; path = Links.md; sourceTree = "<group>"; };
		4E1520E32A06D50200E42537 /* Constants.swift */ = {isa = PBXFileReference; lastKnownFileType = sourcecode.swift; path = Constants.swift; sourceTree = "<group>"; };
		4E1520E62A06D89E00E42537 /* UIHelper.swift */ = {isa = PBXFileReference; lastKnownFileType = sourcecode.swift; path = UIHelper.swift; sourceTree = "<group>"; };
		4E29BAFD2A14B95400590BF9 /* InterLabel.swift */ = {isa = PBXFileReference; lastKnownFileType = sourcecode.swift; path = InterLabel.swift; sourceTree = "<group>"; };
		4E4993992A07A7FC001CBF8C /* NewsModel.swift */ = {isa = PBXFileReference; lastKnownFileType = sourcecode.swift; path = NewsModel.swift; sourceTree = "<group>"; };
		4E49939B2A07A84C001CBF8C /* NewsResponse.swift */ = {isa = PBXFileReference; lastKnownFileType = sourcecode.swift; path = NewsResponse.swift; sourceTree = "<group>"; };
		4E49939D2A07A902001CBF8C /* APIobj.plist */ = {isa = PBXFileReference; lastKnownFileType = text.plist.xml; path = APIobj.plist; sourceTree = "<group>"; };
		4E4993A02A07AB73001CBF8C /* NetworkManager.swift */ = {isa = PBXFileReference; lastKnownFileType = sourcecode.swift; path = NetworkManager.swift; sourceTree = "<group>"; };
		4E4993A22A07AB84001CBF8C /* PersistenceManager.swift */ = {isa = PBXFileReference; lastKnownFileType = sourcecode.swift; path = PersistenceManager.swift; sourceTree = "<group>"; };
		4E4993A42A07AC1F001CBF8C /* NewsError.swift */ = {isa = PBXFileReference; lastKnownFileType = sourcecode.swift; path = NewsError.swift; sourceTree = "<group>"; };
		4E4993A82A07AE1B001CBF8C /* NewsService.swift */ = {isa = PBXFileReference; lastKnownFileType = sourcecode.swift; path = NewsService.swift; sourceTree = "<group>"; };
		4E7256A02A139B73000D9DD0 /* MemoryManager.swift */ = {isa = PBXFileReference; lastKnownFileType = sourcecode.swift; path = MemoryManager.swift; sourceTree = "<group>"; };
		4EB149C82A11E853002A6362 /* RegisterVC+Ext.swift */ = {isa = PBXFileReference; lastKnownFileType = sourcecode.swift; path = "RegisterVC+Ext.swift"; sourceTree = "<group>"; };
		4EB149CB2A1214C4002A6362 /* DetailPresenter.swift */ = {isa = PBXFileReference; lastKnownFileType = sourcecode.swift; path = DetailPresenter.swift; sourceTree = "<group>"; };
		4EB149CD2A1214CC002A6362 /* DetailVC.swift */ = {isa = PBXFileReference; lastKnownFileType = sourcecode.swift; path = DetailVC.swift; sourceTree = "<group>"; };
		4EB149CF2A123508002A6362 /* ProfilePresenter.swift */ = {isa = PBXFileReference; lastKnownFileType = sourcecode.swift; path = ProfilePresenter.swift; sourceTree = "<group>"; };
		4EB149D12A123835002A6362 /* ProfileVC+Ext.swift */ = {isa = PBXFileReference; lastKnownFileType = sourcecode.swift; path = "ProfileVC+Ext.swift"; sourceTree = "<group>"; };
		4EB149D32A123F76002A6362 /* ProfileButton.swift */ = {isa = PBXFileReference; lastKnownFileType = sourcecode.swift; path = ProfileButton.swift; sourceTree = "<group>"; };
		4ECDAAA12A082CEB00E8485C /* MainVC.swift */ = {isa = PBXFileReference; lastKnownFileType = sourcecode.swift; path = MainVC.swift; sourceTree = "<group>"; };
		4ECDAAA62A082F4A00E8485C /* User.swift */ = {isa = PBXFileReference; lastKnownFileType = sourcecode.swift; path = User.swift; sourceTree = "<group>"; };
		4EE9C2532A10225800691420 /* AccountPresenter.swift */ = {isa = PBXFileReference; lastKnownFileType = sourcecode.swift; path = AccountPresenter.swift; sourceTree = "<group>"; };
		4EE9C2552A10226A00691420 /* RegisterPresenter.swift */ = {isa = PBXFileReference; lastKnownFileType = sourcecode.swift; path = RegisterPresenter.swift; sourceTree = "<group>"; };
		4EE9C2572A102F8000691420 /* AccountVC+Ext.swift */ = {isa = PBXFileReference; lastKnownFileType = sourcecode.swift; path = "AccountVC+Ext.swift"; sourceTree = "<group>"; };
		8432B2872A1230F100B2FFF0 /* ProfileVC.swift */ = {isa = PBXFileReference; fileEncoding = 4; lastKnownFileType = sourcecode.swift; path = ProfileVC.swift; sourceTree = "<group>"; };
		C81C1F3A2A1394B500A974B0 /* NewsNetworkManager.swift */ = {isa = PBXFileReference; lastKnownFileType = sourcecode.swift; path = NewsNetworkManager.swift; sourceTree = "<group>"; };
		C81C1F3C2A13951200A974B0 /* Endpoint.swift */ = {isa = PBXFileReference; lastKnownFileType = sourcecode.swift; path = Endpoint.swift; sourceTree = "<group>"; };
		C81C1F402A139F6100A974B0 /* GoogleService-Info.plist */ = {isa = PBXFileReference; fileEncoding = 4; lastKnownFileType = text.plist.xml; path = "GoogleService-Info.plist"; sourceTree = "<group>"; };
		C89F271D2A0E4E9100508FF9 /* ResultPresenter.swift */ = {isa = PBXFileReference; lastKnownFileType = sourcecode.swift; path = ResultPresenter.swift; sourceTree = "<group>"; };
		C89F271F2A0E4EA200508FF9 /* ResultViewController.swift */ = {isa = PBXFileReference; lastKnownFileType = sourcecode.swift; path = ResultViewController.swift; sourceTree = "<group>"; };
		C89F27222A0E519A00508FF9 /* BookmarksTableViewCell.swift */ = {isa = PBXFileReference; lastKnownFileType = sourcecode.swift; path = BookmarksTableViewCell.swift; sourceTree = "<group>"; };
		C8F15FE52A0D250300C63C6C /* Coordinator.swift */ = {isa = PBXFileReference; fileEncoding = 4; lastKnownFileType = sourcecode.swift; path = Coordinator.swift; sourceTree = "<group>"; };
		C8F15FE82A0D253100C63C6C /* TermsConditionsVC.swift */ = {isa = PBXFileReference; fileEncoding = 4; lastKnownFileType = sourcecode.swift; path = TermsConditionsVC.swift; sourceTree = "<group>"; };
		C8F15FEB2A0D255200C63C6C /* BrowseViewModel.swift */ = {isa = PBXFileReference; fileEncoding = 4; lastKnownFileType = sourcecode.swift; path = BrowseViewModel.swift; sourceTree = "<group>"; };
		C8F15FEC2A0D255200C63C6C /* BrowseViewController.swift */ = {isa = PBXFileReference; fileEncoding = 4; lastKnownFileType = sourcecode.swift; path = BrowseViewController.swift; sourceTree = "<group>"; };
		C8F15FEE2A0D255200C63C6C /* CategoriesViewController.swift */ = {isa = PBXFileReference; fileEncoding = 4; lastKnownFileType = sourcecode.swift; path = CategoriesViewController.swift; sourceTree = "<group>"; };
		C8F15FEF2A0D255200C63C6C /* CategoriesPresenter.swift */ = {isa = PBXFileReference; fileEncoding = 4; lastKnownFileType = sourcecode.swift; path = CategoriesPresenter.swift; sourceTree = "<group>"; };
		C8F15FF42A0D256C00C63C6C /* Category.swift */ = {isa = PBXFileReference; fileEncoding = 4; lastKnownFileType = sourcecode.swift; path = Category.swift; sourceTree = "<group>"; };
		C8F15FF62A0D259400C63C6C /* CategoryManager.swift */ = {isa = PBXFileReference; fileEncoding = 4; lastKnownFileType = sourcecode.swift; path = CategoryManager.swift; sourceTree = "<group>"; };
		C8F15FF82A0D25E900C63C6C /* SectionHeaderView.swift */ = {isa = PBXFileReference; fileEncoding = 4; lastKnownFileType = sourcecode.swift; path = SectionHeaderView.swift; sourceTree = "<group>"; };
		C8F15FFB2A0D25E900C63C6C /* CategoryCell.swift */ = {isa = PBXFileReference; fileEncoding = 4; lastKnownFileType = sourcecode.swift; path = CategoryCell.swift; sourceTree = "<group>"; };
		C8F15FFC2A0D25E900C63C6C /* NewsCell.swift */ = {isa = PBXFileReference; fileEncoding = 4; lastKnownFileType = sourcecode.swift; path = NewsCell.swift; sourceTree = "<group>"; };
		C8F15FFE2A0D25E900C63C6C /* CategriesCollectionViewCell.swift .swift */ = {isa = PBXFileReference; fileEncoding = 4; lastKnownFileType = sourcecode.swift; path = "CategriesCollectionViewCell.swift .swift"; sourceTree = "<group>"; };
		EB28CFE22A0A2F4600C847CE /* credentials.plist */ = {isa = PBXFileReference; fileEncoding = 4; lastKnownFileType = text.plist.xml; path = credentials.plist; sourceTree = "<group>"; };
		EB6909F62A094044009E0A1C /* AccountController.swift */ = {isa = PBXFileReference; lastKnownFileType = sourcecode.swift; path = AccountController.swift; sourceTree = "<group>"; };
		EB6909FA2A095261009E0A1C /* RegisterController.swift */ = {isa = PBXFileReference; lastKnownFileType = sourcecode.swift; path = RegisterController.swift; sourceTree = "<group>"; };
/* End PBXFileReference section */

/* Begin PBXFrameworksBuildPhase section */
		4E1520832A06C11400E42537 /* Frameworks */ = {
			isa = PBXFrameworksBuildPhase;
			buildActionMask = 2147483647;
			files = (
				4ECDAAA52A082EBD00E8485C /* SnapKit in Frameworks */,
				C81C1F342A12923B00A974B0 /* GoogleSignIn in Frameworks */,
				C81C1F2F2A128F6400A974B0 /* FirebaseAuth in Frameworks */,
				C81C1F312A128F6400A974B0 /* FirebaseFirestore in Frameworks */,
			);
			runOnlyForDeploymentPostprocessing = 0;
		};
		4E1520992A06C11700E42537 /* Frameworks */ = {
			isa = PBXFrameworksBuildPhase;
			buildActionMask = 2147483647;
			files = (
			);
			runOnlyForDeploymentPostprocessing = 0;
		};
		4E1520A32A06C11700E42537 /* Frameworks */ = {
			isa = PBXFrameworksBuildPhase;
			buildActionMask = 2147483647;
			files = (
			);
			runOnlyForDeploymentPostprocessing = 0;
		};
/* End PBXFrameworksBuildPhase section */

/* Begin PBXGroup section */
		4E15207D2A06C11400E42537 = {
			isa = PBXGroup;
			children = (
				4E1520882A06C11400E42537 /* NewsToDay */,
				4E15209F2A06C11700E42537 /* NewsToDayTests */,
				4E1520A92A06C11700E42537 /* NewsToDayUITests */,
				4E1520872A06C11400E42537 /* Products */,
			);
			sourceTree = "<group>";
		};
		4E1520872A06C11400E42537 /* Products */ = {
			isa = PBXGroup;
			children = (
				4E1520862A06C11400E42537 /* NewsToDay.app */,
				4E15209C2A06C11700E42537 /* NewsToDayTests.xctest */,
				4E1520A62A06C11700E42537 /* NewsToDayUITests.xctest */,
			);
			name = Products;
			sourceTree = "<group>";
		};
		4E1520882A06C11400E42537 /* NewsToDay */ = {
			isa = PBXGroup;
			children = (
				4E1520E02A06CF2300E42537 /* Links.md */,
				4E1520D22A06CE9400E42537 /* Controllers */,
				C8F160032A0D422D00C63C6C /* Plist */,
				4E4993982A07A5E7001CBF8C /* Model */,
				4E4993AA2A07AF75001CBF8C /* Network */,
				4E1520D02A06CE7F00E42537 /* Support */,
				4E1520E52A06D87300E42537 /* Utilites */,
				4E1520D12A06CE8C00E42537 /* Views */,
			);
			path = NewsToDay;
			sourceTree = "<group>";
		};
		4E15209F2A06C11700E42537 /* NewsToDayTests */ = {
			isa = PBXGroup;
			children = (
				4E1520A02A06C11700E42537 /* NewsToDayTests.swift */,
			);
			path = NewsToDayTests;
			sourceTree = "<group>";
		};
		4E1520A92A06C11700E42537 /* NewsToDayUITests */ = {
			isa = PBXGroup;
			children = (
				4E1520AA2A06C11700E42537 /* NewsToDayUITests.swift */,
				4E1520AC2A06C11700E42537 /* NewsToDayUITestsLaunchTests.swift */,
			);
			path = NewsToDayUITests;
			sourceTree = "<group>";
		};
		4E1520D02A06CE7F00E42537 /* Support */ = {
			isa = PBXGroup;
			children = (
				4E1520892A06C11400E42537 /* AppDelegate.swift */,
				C8F15FE52A0D250300C63C6C /* Coordinator.swift */,
				4E15208B2A06C11400E42537 /* SceneDelegate.swift */,
				4E1520922A06C11700E42537 /* Assets.xcassets */,
			);
			path = Support;
			sourceTree = "<group>";
		};
		4E1520D12A06CE8C00E42537 /* Views */ = {
			isa = PBXGroup;
			children = (
				C8F15FF92A0D25E900C63C6C /* Cells */,
				C8F15FF82A0D25E900C63C6C /* SectionHeaderView.swift */,
				4E1520942A06C11700E42537 /* LaunchScreen.storyboard */,
				4EB149D32A123F76002A6362 /* ProfileButton.swift */,
				4E29BAFD2A14B95400590BF9 /* InterLabel.swift */,
			);
			path = Views;
			sourceTree = "<group>";
		};
		4E1520D22A06CE9400E42537 /* Controllers */ = {
			isa = PBXGroup;
			children = (
				8432B2862A1230F100B2FFF0 /* ProfileVC */,
				4EB149CA2A121499002A6362 /* Detail */,
				EB6909F52A094002009E0A1C /* Account&Register */,
				C89F271C2A0E4E1C00508FF9 /* Result */,
				C8F15FEA2A0D255200C63C6C /* Browse */,
				C8F15FED2A0D255200C63C6C /* Categories */,
				C8F15FE72A0D253100C63C6C /* Terms & ConditionsVC */,
				4E1520D42A06CED600E42537 /* TabBar */,
				C81C1F352A129C6C00A974B0 /* Onboarding */,
				4E1520D32A06CECA00E42537 /* MainVC */,
			);
			path = Controllers;
			sourceTree = "<group>";
		};
		4E1520D32A06CECA00E42537 /* MainVC */ = {
			isa = PBXGroup;
			children = (
				4E15208D2A06C11400E42537 /* ViewController.swift */,
				4ECDAAA12A082CEB00E8485C /* MainVC.swift */,
			);
			path = MainVC;
			sourceTree = "<group>";
		};
		4E1520D42A06CED600E42537 /* TabBar */ = {
			isa = PBXGroup;
			children = (
				4E1520D52A06CEE900E42537 /* TabBarController.swift */,
			);
			path = TabBar;
			sourceTree = "<group>";
		};
		4E1520D72A06CF1700E42537 /* Inter font */ = {
			isa = PBXGroup;
			children = (
				4E1520D82A06CF1700E42537 /* Inter-Medium.ttf */,
				4E1520D92A06CF1700E42537 /* Inter-Bold.ttf */,
				4E1520DA2A06CF1700E42537 /* Inter-Regular.ttf */,
				4E1520DB2A06CF1700E42537 /* Inter-SemiBold.ttf */,
			);
			path = "Inter font";
			sourceTree = "<group>";
		};
		4E1520E22A06D4E100E42537 /* Resources */ = {
			isa = PBXGroup;
			children = (
				4E1520E32A06D50200E42537 /* Constants.swift */,
				4E1520E62A06D89E00E42537 /* UIHelper.swift */,
			);
			path = Resources;
			sourceTree = "<group>";
		};
		4E1520E52A06D87300E42537 /* Utilites */ = {
			isa = PBXGroup;
			children = (
				4E1520D72A06CF1700E42537 /* Inter font */,
				4E1520E22A06D4E100E42537 /* Resources */,
			);
			path = Utilites;
			sourceTree = "<group>";
		};
		4E4993982A07A5E7001CBF8C /* Model */ = {
			isa = PBXGroup;
			children = (
				C8F15FF42A0D256C00C63C6C /* Category.swift */,
				4E4993992A07A7FC001CBF8C /* NewsModel.swift */,
				4E49939B2A07A84C001CBF8C /* NewsResponse.swift */,
				4ECDAAA62A082F4A00E8485C /* User.swift */,
			);
			path = Model;
			sourceTree = "<group>";
		};
		4E49939F2A07AB61001CBF8C /* Managers */ = {
			isa = PBXGroup;
			children = (
				C8F15FF62A0D259400C63C6C /* CategoryManager.swift */,
				4E4993A02A07AB73001CBF8C /* NetworkManager.swift */,
				4E4993A22A07AB84001CBF8C /* PersistenceManager.swift */,
				4E7256A02A139B73000D9DD0 /* MemoryManager.swift */,
			);
			path = Managers;
			sourceTree = "<group>";
		};
		4E4993A72A07AE0C001CBF8C /* Service */ = {
			isa = PBXGroup;
			children = (
				4E4993A82A07AE1B001CBF8C /* NewsService.swift */,
				4E4993A42A07AC1F001CBF8C /* NewsError.swift */,
			);
			path = Service;
			sourceTree = "<group>";
		};
		4E4993AA2A07AF75001CBF8C /* Network */ = {
			isa = PBXGroup;
			children = (
				4E4993A72A07AE0C001CBF8C /* Service */,
				4E49939F2A07AB61001CBF8C /* Managers */,
				C81C1F3A2A1394B500A974B0 /* NewsNetworkManager.swift */,
				C81C1F3C2A13951200A974B0 /* Endpoint.swift */,
			);
			path = Network;
			sourceTree = "<group>";
		};
		4EB149CA2A121499002A6362 /* Detail */ = {
			isa = PBXGroup;
			children = (
				4EB149CB2A1214C4002A6362 /* DetailPresenter.swift */,
				4EB149CD2A1214CC002A6362 /* DetailVC.swift */,
			);
			path = Detail;
			sourceTree = "<group>";
		};
		4EE9C2512A10220D00691420 /* Register */ = {
			isa = PBXGroup;
			children = (
				EB6909FA2A095261009E0A1C /* RegisterController.swift */,
				4EB149C82A11E853002A6362 /* RegisterVC+Ext.swift */,
				4EE9C2552A10226A00691420 /* RegisterPresenter.swift */,
			);
			path = Register;
			sourceTree = "<group>";
		};
		4EE9C2522A10222100691420 /* Account */ = {
			isa = PBXGroup;
			children = (
				EB6909F62A094044009E0A1C /* AccountController.swift */,
				4EE9C2572A102F8000691420 /* AccountVC+Ext.swift */,
				4EE9C2532A10225800691420 /* AccountPresenter.swift */,
			);
			path = Account;
			sourceTree = "<group>";
		};
		8432B2862A1230F100B2FFF0 /* ProfileVC */ = {
			isa = PBXGroup;
			children = (
				8432B2872A1230F100B2FFF0 /* ProfileVC.swift */,
				4EB149D12A123835002A6362 /* ProfileVC+Ext.swift */,
				4EB149CF2A123508002A6362 /* ProfilePresenter.swift */,
			);
			path = ProfileVC;
			sourceTree = "<group>";
		};
		C81C1F352A129C6C00A974B0 /* Onboarding */ = {
			isa = PBXGroup;
			children = (
				C81C1F362A129C6C00A974B0 /* CategoriesOnboardingPresenter.swift */,
				C81C1F372A129C6C00A974B0 /* CategoriesOnboardingViewController.swift */,
			);
			name = Onboarding;
			path = NewsToDay/Controllers/Onboarding;
			sourceTree = SOURCE_ROOT;
		};
		C89F271C2A0E4E1C00508FF9 /* Result */ = {
			isa = PBXGroup;
			children = (
				C89F271D2A0E4E9100508FF9 /* ResultPresenter.swift */,
				C89F271F2A0E4EA200508FF9 /* ResultViewController.swift */,
			);
			path = Result;
			sourceTree = "<group>";
		};
		C89F27212A0E515A00508FF9 /* BookmarksCell */ = {
			isa = PBXGroup;
			children = (
				C89F27222A0E519A00508FF9 /* BookmarksTableViewCell.swift */,
			);
			path = BookmarksCell;
			sourceTree = "<group>";
		};
		C8F15FE72A0D253100C63C6C /* Terms & ConditionsVC */ = {
			isa = PBXGroup;
			children = (
				C8F15FE82A0D253100C63C6C /* TermsConditionsVC.swift */,
			);
			path = "Terms & ConditionsVC";
			sourceTree = "<group>";
		};
		C8F15FEA2A0D255200C63C6C /* Browse */ = {
			isa = PBXGroup;
			children = (
				C8F15FEB2A0D255200C63C6C /* BrowseViewModel.swift */,
				C8F15FEC2A0D255200C63C6C /* BrowseViewController.swift */,
			);
			path = Browse;
			sourceTree = "<group>";
		};
		C8F15FED2A0D255200C63C6C /* Categories */ = {
			isa = PBXGroup;
			children = (
				C8F15FEE2A0D255200C63C6C /* CategoriesViewController.swift */,
				C8F15FEF2A0D255200C63C6C /* CategoriesPresenter.swift */,
			);
			path = Categories;
			sourceTree = "<group>";
		};
		C8F15FF92A0D25E900C63C6C /* Cells */ = {
			isa = PBXGroup;
			children = (
				C89F27212A0E515A00508FF9 /* BookmarksCell */,
				C8F15FFA2A0D25E900C63C6C /* BrowseCells */,
				C8F15FFD2A0D25E900C63C6C /* CategoryCell */,
			);
			path = Cells;
			sourceTree = "<group>";
		};
		C8F15FFA2A0D25E900C63C6C /* BrowseCells */ = {
			isa = PBXGroup;
			children = (
				C8F15FFB2A0D25E900C63C6C /* CategoryCell.swift */,
				C8F15FFC2A0D25E900C63C6C /* NewsCell.swift */,
			);
			path = BrowseCells;
			sourceTree = "<group>";
		};
		C8F15FFD2A0D25E900C63C6C /* CategoryCell */ = {
			isa = PBXGroup;
			children = (
				C8F15FFE2A0D25E900C63C6C /* CategriesCollectionViewCell.swift .swift */,
			);
			path = CategoryCell;
			sourceTree = "<group>";
		};
		C8F160032A0D422D00C63C6C /* Plist */ = {
			isa = PBXGroup;
			children = (
				EB28CFE22A0A2F4600C847CE /* credentials.plist */,
				4E49939D2A07A902001CBF8C /* APIobj.plist */,
				4E1520972A06C11700E42537 /* Info.plist */,
				C81C1F402A139F6100A974B0 /* GoogleService-Info.plist */,
			);
			name = Plist;
			sourceTree = "<group>";
		};
		EB6909F52A094002009E0A1C /* Account&Register */ = {
			isa = PBXGroup;
			children = (
				4EE9C2522A10222100691420 /* Account */,
				4EE9C2512A10220D00691420 /* Register */,
			);
			path = "Account&Register";
			sourceTree = "<group>";
		};
/* End PBXGroup section */

/* Begin PBXNativeTarget section */
		4E1520852A06C11400E42537 /* NewsToDay */ = {
			isa = PBXNativeTarget;
			buildConfigurationList = 4E1520B02A06C11700E42537 /* Build configuration list for PBXNativeTarget "NewsToDay" */;
			buildPhases = (
				4E1520822A06C11400E42537 /* Sources */,
				4E1520832A06C11400E42537 /* Frameworks */,
				4E1520842A06C11400E42537 /* Resources */,
			);
			buildRules = (
			);
			dependencies = (
			);
			name = NewsToDay;
			packageProductDependencies = (
				4ECDAAA42A082EBD00E8485C /* SnapKit */,
				C81C1F2E2A128F6400A974B0 /* FirebaseAuth */,
				C81C1F302A128F6400A974B0 /* FirebaseFirestore */,
				C81C1F332A12923B00A974B0 /* GoogleSignIn */,
			);
			productName = NewsToDay;
			productReference = 4E1520862A06C11400E42537 /* NewsToDay.app */;
			productType = "com.apple.product-type.application";
		};
		4E15209B2A06C11700E42537 /* NewsToDayTests */ = {
			isa = PBXNativeTarget;
			buildConfigurationList = 4E1520B32A06C11700E42537 /* Build configuration list for PBXNativeTarget "NewsToDayTests" */;
			buildPhases = (
				4E1520982A06C11700E42537 /* Sources */,
				4E1520992A06C11700E42537 /* Frameworks */,
				4E15209A2A06C11700E42537 /* Resources */,
			);
			buildRules = (
			);
			dependencies = (
				4E15209E2A06C11700E42537 /* PBXTargetDependency */,
			);
			name = NewsToDayTests;
			productName = NewsToDayTests;
			productReference = 4E15209C2A06C11700E42537 /* NewsToDayTests.xctest */;
			productType = "com.apple.product-type.bundle.unit-test";
		};
		4E1520A52A06C11700E42537 /* NewsToDayUITests */ = {
			isa = PBXNativeTarget;
			buildConfigurationList = 4E1520B62A06C11700E42537 /* Build configuration list for PBXNativeTarget "NewsToDayUITests" */;
			buildPhases = (
				4E1520A22A06C11700E42537 /* Sources */,
				4E1520A32A06C11700E42537 /* Frameworks */,
				4E1520A42A06C11700E42537 /* Resources */,
			);
			buildRules = (
			);
			dependencies = (
				4E1520A82A06C11700E42537 /* PBXTargetDependency */,
			);
			name = NewsToDayUITests;
			productName = NewsToDayUITests;
			productReference = 4E1520A62A06C11700E42537 /* NewsToDayUITests.xctest */;
			productType = "com.apple.product-type.bundle.ui-testing";
		};
/* End PBXNativeTarget section */

/* Begin PBXProject section */
		4E15207E2A06C11400E42537 /* Project object */ = {
			isa = PBXProject;
			attributes = {
				BuildIndependentTargetsInParallel = 1;
				LastSwiftUpdateCheck = 1420;
				LastUpgradeCheck = 1420;
				TargetAttributes = {
					4E1520852A06C11400E42537 = {
						CreatedOnToolsVersion = 14.2;
					};
					4E15209B2A06C11700E42537 = {
						CreatedOnToolsVersion = 14.2;
						TestTargetID = 4E1520852A06C11400E42537;
					};
					4E1520A52A06C11700E42537 = {
						CreatedOnToolsVersion = 14.2;
						TestTargetID = 4E1520852A06C11400E42537;
					};
				};
			};
			buildConfigurationList = 4E1520812A06C11400E42537 /* Build configuration list for PBXProject "NewsToDay" */;
			compatibilityVersion = "Xcode 14.0";
			developmentRegion = en;
			hasScannedForEncodings = 0;
			knownRegions = (
				en,
				Base,
			);
			mainGroup = 4E15207D2A06C11400E42537;
			packageReferences = (
				4ECDAAA32A082EBD00E8485C /* XCRemoteSwiftPackageReference "SnapKit" */,
				C81C1F2D2A128F6400A974B0 /* XCRemoteSwiftPackageReference "firebase-ios-sdk" */,
				C81C1F322A12923B00A974B0 /* XCRemoteSwiftPackageReference "GoogleSignIn-iOS" */,
			);
			productRefGroup = 4E1520872A06C11400E42537 /* Products */;
			projectDirPath = "";
			projectRoot = "";
			targets = (
				4E1520852A06C11400E42537 /* NewsToDay */,
				4E15209B2A06C11700E42537 /* NewsToDayTests */,
				4E1520A52A06C11700E42537 /* NewsToDayUITests */,
			);
		};
/* End PBXProject section */

/* Begin PBXResourcesBuildPhase section */
		4E1520842A06C11400E42537 /* Resources */ = {
			isa = PBXResourcesBuildPhase;
			buildActionMask = 2147483647;
			files = (
				4E1520E12A06CF2300E42537 /* Links.md in Resources */,
				4E1520DC2A06CF1700E42537 /* Inter-Medium.ttf in Resources */,
				4E1520DD2A06CF1700E42537 /* Inter-Bold.ttf in Resources */,
				4E49939E2A07A902001CBF8C /* APIobj.plist in Resources */,
				4E1520962A06C11700E42537 /* LaunchScreen.storyboard in Resources */,
				4E1520932A06C11700E42537 /* Assets.xcassets in Resources */,
				EB28CFE32A0A2F4600C847CE /* credentials.plist in Resources */,
				C81C1F412A139F6100A974B0 /* GoogleService-Info.plist in Resources */,
				4E1520DE2A06CF1700E42537 /* Inter-Regular.ttf in Resources */,
				4E1520DF2A06CF1700E42537 /* Inter-SemiBold.ttf in Resources */,
			);
			runOnlyForDeploymentPostprocessing = 0;
		};
		4E15209A2A06C11700E42537 /* Resources */ = {
			isa = PBXResourcesBuildPhase;
			buildActionMask = 2147483647;
			files = (
			);
			runOnlyForDeploymentPostprocessing = 0;
		};
		4E1520A42A06C11700E42537 /* Resources */ = {
			isa = PBXResourcesBuildPhase;
			buildActionMask = 2147483647;
			files = (
			);
			runOnlyForDeploymentPostprocessing = 0;
		};
/* End PBXResourcesBuildPhase section */

/* Begin PBXSourcesBuildPhase section */
		4E1520822A06C11400E42537 /* Sources */ = {
			isa = PBXSourcesBuildPhase;
			buildActionMask = 2147483647;
			files = (
				4E4993A12A07AB73001CBF8C /* NetworkManager.swift in Sources */,
				4E4993A52A07AC1F001CBF8C /* NewsError.swift in Sources */,
				4E4993A32A07AB84001CBF8C /* PersistenceManager.swift in Sources */,
				C89F27232A0E519A00508FF9 /* BookmarksTableViewCell.swift in Sources */,
				4E49939A2A07A7FC001CBF8C /* NewsModel.swift in Sources */,
				4E49939C2A07A84C001CBF8C /* NewsResponse.swift in Sources */,
				C8F15FF12A0D255200C63C6C /* BrowseViewController.swift in Sources */,
				4E1520E42A06D50200E42537 /* Constants.swift in Sources */,
				C81C1F3D2A13951200A974B0 /* Endpoint.swift in Sources */,
				EB6909F72A094044009E0A1C /* AccountController.swift in Sources */,
				C8F15FE62A0D250300C63C6C /* Coordinator.swift in Sources */,
				C8F160012A0D25E900C63C6C /* NewsCell.swift in Sources */,
				4EB149CC2A1214C4002A6362 /* DetailPresenter.swift in Sources */,
				C89F271E2A0E4E9100508FF9 /* ResultPresenter.swift in Sources */,
				4EB149C92A11E853002A6362 /* RegisterVC+Ext.swift in Sources */,
				4E7256A12A139B73000D9DD0 /* MemoryManager.swift in Sources */,
				4ECDAAA72A082F4A00E8485C /* User.swift in Sources */,
				C8F15FF32A0D255200C63C6C /* CategoriesPresenter.swift in Sources */,
				4EB149D42A123F76002A6362 /* ProfileButton.swift in Sources */,
				4EB149CE2A1214CC002A6362 /* DetailVC.swift in Sources */,
				4EE9C2582A102F8000691420 /* AccountVC+Ext.swift in Sources */,
				C8F15FF02A0D255200C63C6C /* BrowseViewModel.swift in Sources */,
				C8F15FF22A0D255200C63C6C /* CategoriesViewController.swift in Sources */,
				4E4993A92A07AE1B001CBF8C /* NewsService.swift in Sources */,
				C8F15FFF2A0D25E900C63C6C /* SectionHeaderView.swift in Sources */,
				8432B2882A1230F100B2FFF0 /* ProfileVC.swift in Sources */,
				C8F15FF72A0D259400C63C6C /* CategoryManager.swift in Sources */,
				4E15208E2A06C11400E42537 /* ViewController.swift in Sources */,
				4E29BAFE2A14B95400590BF9 /* InterLabel.swift in Sources */,
				C8F160022A0D25E900C63C6C /* CategriesCollectionViewCell.swift .swift in Sources */,
				C81C1F382A129C6C00A974B0 /* CategoriesOnboardingPresenter.swift in Sources */,
				4E15208A2A06C11400E42537 /* AppDelegate.swift in Sources */,
				4EE9C2542A10225800691420 /* AccountPresenter.swift in Sources */,
				4E1520D62A06CEE900E42537 /* TabBarController.swift in Sources */,
				EB6909FB2A095261009E0A1C /* RegisterController.swift in Sources */,
				4EE9C2562A10226A00691420 /* RegisterPresenter.swift in Sources */,
				C8F15FE92A0D253100C63C6C /* TermsConditionsVC.swift in Sources */,
				C81C1F3B2A1394B500A974B0 /* NewsNetworkManager.swift in Sources */,
				4E15208C2A06C11400E42537 /* SceneDelegate.swift in Sources */,
				C8F160002A0D25E900C63C6C /* CategoryCell.swift in Sources */,
				4E1520E72A06D89E00E42537 /* UIHelper.swift in Sources */,
				C89F27202A0E4EA200508FF9 /* ResultViewController.swift in Sources */,
				C81C1F392A129C6C00A974B0 /* CategoriesOnboardingViewController.swift in Sources */,
				4EB149D22A123835002A6362 /* ProfileVC+Ext.swift in Sources */,
				4ECDAAA22A082CEB00E8485C /* MainVC.swift in Sources */,
				C8F15FF52A0D256C00C63C6C /* Category.swift in Sources */,
				4EB149D02A123508002A6362 /* ProfilePresenter.swift in Sources */,
			);
			runOnlyForDeploymentPostprocessing = 0;
		};
		4E1520982A06C11700E42537 /* Sources */ = {
			isa = PBXSourcesBuildPhase;
			buildActionMask = 2147483647;
			files = (
				4E1520A12A06C11700E42537 /* NewsToDayTests.swift in Sources */,
			);
			runOnlyForDeploymentPostprocessing = 0;
		};
		4E1520A22A06C11700E42537 /* Sources */ = {
			isa = PBXSourcesBuildPhase;
			buildActionMask = 2147483647;
			files = (
				4E1520AB2A06C11700E42537 /* NewsToDayUITests.swift in Sources */,
				4E1520AD2A06C11700E42537 /* NewsToDayUITestsLaunchTests.swift in Sources */,
			);
			runOnlyForDeploymentPostprocessing = 0;
		};
/* End PBXSourcesBuildPhase section */

/* Begin PBXTargetDependency section */
		4E15209E2A06C11700E42537 /* PBXTargetDependency */ = {
			isa = PBXTargetDependency;
			target = 4E1520852A06C11400E42537 /* NewsToDay */;
			targetProxy = 4E15209D2A06C11700E42537 /* PBXContainerItemProxy */;
		};
		4E1520A82A06C11700E42537 /* PBXTargetDependency */ = {
			isa = PBXTargetDependency;
			target = 4E1520852A06C11400E42537 /* NewsToDay */;
			targetProxy = 4E1520A72A06C11700E42537 /* PBXContainerItemProxy */;
		};
/* End PBXTargetDependency section */

/* Begin PBXVariantGroup section */
		4E1520942A06C11700E42537 /* LaunchScreen.storyboard */ = {
			isa = PBXVariantGroup;
			children = (
				4E1520952A06C11700E42537 /* Base */,
			);
			name = LaunchScreen.storyboard;
			sourceTree = "<group>";
		};
/* End PBXVariantGroup section */

/* Begin XCBuildConfiguration section */
		4E1520AE2A06C11700E42537 /* Debug */ = {
			isa = XCBuildConfiguration;
			buildSettings = {
				ALWAYS_SEARCH_USER_PATHS = NO;
				CLANG_ANALYZER_NONNULL = YES;
				CLANG_ANALYZER_NUMBER_OBJECT_CONVERSION = YES_AGGRESSIVE;
				CLANG_CXX_LANGUAGE_STANDARD = "gnu++20";
				CLANG_ENABLE_MODULES = YES;
				CLANG_ENABLE_OBJC_ARC = YES;
				CLANG_ENABLE_OBJC_WEAK = YES;
				CLANG_WARN_BLOCK_CAPTURE_AUTORELEASING = YES;
				CLANG_WARN_BOOL_CONVERSION = YES;
				CLANG_WARN_COMMA = YES;
				CLANG_WARN_CONSTANT_CONVERSION = YES;
				CLANG_WARN_DEPRECATED_OBJC_IMPLEMENTATIONS = YES;
				CLANG_WARN_DIRECT_OBJC_ISA_USAGE = YES_ERROR;
				CLANG_WARN_DOCUMENTATION_COMMENTS = YES;
				CLANG_WARN_EMPTY_BODY = YES;
				CLANG_WARN_ENUM_CONVERSION = YES;
				CLANG_WARN_INFINITE_RECURSION = YES;
				CLANG_WARN_INT_CONVERSION = YES;
				CLANG_WARN_NON_LITERAL_NULL_CONVERSION = YES;
				CLANG_WARN_OBJC_IMPLICIT_RETAIN_SELF = YES;
				CLANG_WARN_OBJC_LITERAL_CONVERSION = YES;
				CLANG_WARN_OBJC_ROOT_CLASS = YES_ERROR;
				CLANG_WARN_QUOTED_INCLUDE_IN_FRAMEWORK_HEADER = YES;
				CLANG_WARN_RANGE_LOOP_ANALYSIS = YES;
				CLANG_WARN_STRICT_PROTOTYPES = YES;
				CLANG_WARN_SUSPICIOUS_MOVE = YES;
				CLANG_WARN_UNGUARDED_AVAILABILITY = YES_AGGRESSIVE;
				CLANG_WARN_UNREACHABLE_CODE = YES;
				CLANG_WARN__DUPLICATE_METHOD_MATCH = YES;
				COPY_PHASE_STRIP = NO;
				DEBUG_INFORMATION_FORMAT = dwarf;
				ENABLE_STRICT_OBJC_MSGSEND = YES;
				ENABLE_TESTABILITY = YES;
				GCC_C_LANGUAGE_STANDARD = gnu11;
				GCC_DYNAMIC_NO_PIC = NO;
				GCC_NO_COMMON_BLOCKS = YES;
				GCC_OPTIMIZATION_LEVEL = 0;
				GCC_PREPROCESSOR_DEFINITIONS = (
					"DEBUG=1",
					"$(inherited)",
				);
				GCC_WARN_64_TO_32_BIT_CONVERSION = YES;
				GCC_WARN_ABOUT_RETURN_TYPE = YES_ERROR;
				GCC_WARN_UNDECLARED_SELECTOR = YES;
				GCC_WARN_UNINITIALIZED_AUTOS = YES_AGGRESSIVE;
				GCC_WARN_UNUSED_FUNCTION = YES;
				GCC_WARN_UNUSED_VARIABLE = YES;
				IPHONEOS_DEPLOYMENT_TARGET = 15.0;
				MTL_ENABLE_DEBUG_INFO = INCLUDE_SOURCE;
				MTL_FAST_MATH = YES;
				ONLY_ACTIVE_ARCH = YES;
				SDKROOT = iphoneos;
				SWIFT_ACTIVE_COMPILATION_CONDITIONS = DEBUG;
				SWIFT_OPTIMIZATION_LEVEL = "-Onone";
			};
			name = Debug;
		};
		4E1520AF2A06C11700E42537 /* Release */ = {
			isa = XCBuildConfiguration;
			buildSettings = {
				ALWAYS_SEARCH_USER_PATHS = NO;
				CLANG_ANALYZER_NONNULL = YES;
				CLANG_ANALYZER_NUMBER_OBJECT_CONVERSION = YES_AGGRESSIVE;
				CLANG_CXX_LANGUAGE_STANDARD = "gnu++20";
				CLANG_ENABLE_MODULES = YES;
				CLANG_ENABLE_OBJC_ARC = YES;
				CLANG_ENABLE_OBJC_WEAK = YES;
				CLANG_WARN_BLOCK_CAPTURE_AUTORELEASING = YES;
				CLANG_WARN_BOOL_CONVERSION = YES;
				CLANG_WARN_COMMA = YES;
				CLANG_WARN_CONSTANT_CONVERSION = YES;
				CLANG_WARN_DEPRECATED_OBJC_IMPLEMENTATIONS = YES;
				CLANG_WARN_DIRECT_OBJC_ISA_USAGE = YES_ERROR;
				CLANG_WARN_DOCUMENTATION_COMMENTS = YES;
				CLANG_WARN_EMPTY_BODY = YES;
				CLANG_WARN_ENUM_CONVERSION = YES;
				CLANG_WARN_INFINITE_RECURSION = YES;
				CLANG_WARN_INT_CONVERSION = YES;
				CLANG_WARN_NON_LITERAL_NULL_CONVERSION = YES;
				CLANG_WARN_OBJC_IMPLICIT_RETAIN_SELF = YES;
				CLANG_WARN_OBJC_LITERAL_CONVERSION = YES;
				CLANG_WARN_OBJC_ROOT_CLASS = YES_ERROR;
				CLANG_WARN_QUOTED_INCLUDE_IN_FRAMEWORK_HEADER = YES;
				CLANG_WARN_RANGE_LOOP_ANALYSIS = YES;
				CLANG_WARN_STRICT_PROTOTYPES = YES;
				CLANG_WARN_SUSPICIOUS_MOVE = YES;
				CLANG_WARN_UNGUARDED_AVAILABILITY = YES_AGGRESSIVE;
				CLANG_WARN_UNREACHABLE_CODE = YES;
				CLANG_WARN__DUPLICATE_METHOD_MATCH = YES;
				COPY_PHASE_STRIP = NO;
				DEBUG_INFORMATION_FORMAT = "dwarf-with-dsym";
				ENABLE_NS_ASSERTIONS = NO;
				ENABLE_STRICT_OBJC_MSGSEND = YES;
				GCC_C_LANGUAGE_STANDARD = gnu11;
				GCC_NO_COMMON_BLOCKS = YES;
				GCC_WARN_64_TO_32_BIT_CONVERSION = YES;
				GCC_WARN_ABOUT_RETURN_TYPE = YES_ERROR;
				GCC_WARN_UNDECLARED_SELECTOR = YES;
				GCC_WARN_UNINITIALIZED_AUTOS = YES_AGGRESSIVE;
				GCC_WARN_UNUSED_FUNCTION = YES;
				GCC_WARN_UNUSED_VARIABLE = YES;
				IPHONEOS_DEPLOYMENT_TARGET = 15.0;
				MTL_ENABLE_DEBUG_INFO = NO;
				MTL_FAST_MATH = YES;
				SDKROOT = iphoneos;
				SWIFT_COMPILATION_MODE = wholemodule;
				SWIFT_OPTIMIZATION_LEVEL = "-O";
				VALIDATE_PRODUCT = YES;
			};
			name = Release;
		};
		4E1520B12A06C11700E42537 /* Debug */ = {
			isa = XCBuildConfiguration;
			buildSettings = {
				ASSETCATALOG_COMPILER_APPICON_NAME = AppIcon;
				ASSETCATALOG_COMPILER_GLOBAL_ACCENT_COLOR_NAME = AccentColor;
				CODE_SIGN_STYLE = Automatic;
				CURRENT_PROJECT_VERSION = 1;
				DEVELOPMENT_TEAM = 5PVHGUKPAW;
				GENERATE_INFOPLIST_FILE = YES;
				INFOPLIST_FILE = NewsToDay/Info.plist;
				INFOPLIST_KEY_CFBundleDisplayName = "NewstoDay!";
				INFOPLIST_KEY_LSApplicationCategoryType = "public.app-category.news";
				INFOPLIST_KEY_UIApplicationSupportsIndirectInputEvents = YES;
				INFOPLIST_KEY_UILaunchStoryboardName = LaunchScreen;
				INFOPLIST_KEY_UISupportedInterfaceOrientations = "UIInterfaceOrientationLandscapeRight UIInterfaceOrientationPortrait";
				INFOPLIST_KEY_UISupportedInterfaceOrientations_iPad = "UIInterfaceOrientationLandscapeLeft UIInterfaceOrientationLandscapeRight UIInterfaceOrientationPortrait UIInterfaceOrientationPortraitUpsideDown";
				IPHONEOS_DEPLOYMENT_TARGET = 15.0;
				LD_RUNPATH_SEARCH_PATHS = (
					"$(inherited)",
					"@executable_path/Frameworks",
				);
				MARKETING_VERSION = 1.0;
				PRODUCT_BUNDLE_IDENTIFIER = com.CodingKovs.NewsToDay;
				PRODUCT_NAME = "$(TARGET_NAME)";
				SUPPORTED_PLATFORMS = "iphoneos iphonesimulator";
				SUPPORTS_MACCATALYST = NO;
				SUPPORTS_MAC_DESIGNED_FOR_IPHONE_IPAD = NO;
				SWIFT_EMIT_LOC_STRINGS = YES;
				SWIFT_VERSION = 5.0;
				TARGETED_DEVICE_FAMILY = 1;
			};
			name = Debug;
		};
		4E1520B22A06C11700E42537 /* Release */ = {
			isa = XCBuildConfiguration;
			buildSettings = {
				ASSETCATALOG_COMPILER_APPICON_NAME = AppIcon;
				ASSETCATALOG_COMPILER_GLOBAL_ACCENT_COLOR_NAME = AccentColor;
				CODE_SIGN_STYLE = Automatic;
				CURRENT_PROJECT_VERSION = 1;
				DEVELOPMENT_TEAM = 5PVHGUKPAW;
				GENERATE_INFOPLIST_FILE = YES;
				INFOPLIST_FILE = NewsToDay/Info.plist;
				INFOPLIST_KEY_CFBundleDisplayName = "NewstoDay!";
				INFOPLIST_KEY_LSApplicationCategoryType = "public.app-category.news";
				INFOPLIST_KEY_UIApplicationSupportsIndirectInputEvents = YES;
				INFOPLIST_KEY_UILaunchStoryboardName = LaunchScreen;
				INFOPLIST_KEY_UISupportedInterfaceOrientations = "UIInterfaceOrientationLandscapeRight UIInterfaceOrientationPortrait";
				INFOPLIST_KEY_UISupportedInterfaceOrientations_iPad = "UIInterfaceOrientationLandscapeLeft UIInterfaceOrientationLandscapeRight UIInterfaceOrientationPortrait UIInterfaceOrientationPortraitUpsideDown";
				IPHONEOS_DEPLOYMENT_TARGET = 15.0;
				LD_RUNPATH_SEARCH_PATHS = (
					"$(inherited)",
					"@executable_path/Frameworks",
				);
				MARKETING_VERSION = 1.0;
				PRODUCT_BUNDLE_IDENTIFIER = com.CodingKovs.NewsToDay;
				PRODUCT_NAME = "$(TARGET_NAME)";
				SUPPORTED_PLATFORMS = "iphoneos iphonesimulator";
				SUPPORTS_MACCATALYST = NO;
				SUPPORTS_MAC_DESIGNED_FOR_IPHONE_IPAD = NO;
				SWIFT_EMIT_LOC_STRINGS = YES;
				SWIFT_VERSION = 5.0;
				TARGETED_DEVICE_FAMILY = 1;
			};
			name = Release;
		};
		4E1520B42A06C11700E42537 /* Debug */ = {
			isa = XCBuildConfiguration;
			buildSettings = {
				ALWAYS_EMBED_SWIFT_STANDARD_LIBRARIES = YES;
				BUNDLE_LOADER = "$(TEST_HOST)";
				CODE_SIGN_STYLE = Automatic;
				CURRENT_PROJECT_VERSION = 1;
				DEVELOPMENT_TEAM = 5PVHGUKPAW;
				GENERATE_INFOPLIST_FILE = YES;
				IPHONEOS_DEPLOYMENT_TARGET = 15.0;
				MARKETING_VERSION = 1.0;
				PRODUCT_BUNDLE_IDENTIFIER = com.CodingKovs.NewsToDayTests;
				PRODUCT_NAME = "$(TARGET_NAME)";
				SWIFT_EMIT_LOC_STRINGS = NO;
				SWIFT_VERSION = 5.0;
				TARGETED_DEVICE_FAMILY = "1,2";
				TEST_HOST = "$(BUILT_PRODUCTS_DIR)/NewsToDay.app/$(BUNDLE_EXECUTABLE_FOLDER_PATH)/NewsToDay";
			};
			name = Debug;
		};
		4E1520B52A06C11700E42537 /* Release */ = {
			isa = XCBuildConfiguration;
			buildSettings = {
				ALWAYS_EMBED_SWIFT_STANDARD_LIBRARIES = YES;
				BUNDLE_LOADER = "$(TEST_HOST)";
				CODE_SIGN_STYLE = Automatic;
				CURRENT_PROJECT_VERSION = 1;
				DEVELOPMENT_TEAM = 5PVHGUKPAW;
				GENERATE_INFOPLIST_FILE = YES;
				IPHONEOS_DEPLOYMENT_TARGET = 15.0;
				MARKETING_VERSION = 1.0;
				PRODUCT_BUNDLE_IDENTIFIER = com.CodingKovs.NewsToDayTests;
				PRODUCT_NAME = "$(TARGET_NAME)";
				SWIFT_EMIT_LOC_STRINGS = NO;
				SWIFT_VERSION = 5.0;
				TARGETED_DEVICE_FAMILY = "1,2";
				TEST_HOST = "$(BUILT_PRODUCTS_DIR)/NewsToDay.app/$(BUNDLE_EXECUTABLE_FOLDER_PATH)/NewsToDay";
			};
			name = Release;
		};
		4E1520B72A06C11700E42537 /* Debug */ = {
			isa = XCBuildConfiguration;
			buildSettings = {
				ALWAYS_EMBED_SWIFT_STANDARD_LIBRARIES = YES;
				CODE_SIGN_STYLE = Automatic;
				CURRENT_PROJECT_VERSION = 1;
				DEVELOPMENT_TEAM = 5PVHGUKPAW;
				GENERATE_INFOPLIST_FILE = YES;
				MARKETING_VERSION = 1.0;
				PRODUCT_BUNDLE_IDENTIFIER = com.CodingKovs.NewsToDayUITests;
				PRODUCT_NAME = "$(TARGET_NAME)";
				SWIFT_EMIT_LOC_STRINGS = NO;
				SWIFT_VERSION = 5.0;
				TARGETED_DEVICE_FAMILY = "1,2";
				TEST_TARGET_NAME = NewsToDay;
			};
			name = Debug;
		};
		4E1520B82A06C11700E42537 /* Release */ = {
			isa = XCBuildConfiguration;
			buildSettings = {
				ALWAYS_EMBED_SWIFT_STANDARD_LIBRARIES = YES;
				CODE_SIGN_STYLE = Automatic;
				CURRENT_PROJECT_VERSION = 1;
				DEVELOPMENT_TEAM = 5PVHGUKPAW;
				GENERATE_INFOPLIST_FILE = YES;
				MARKETING_VERSION = 1.0;
				PRODUCT_BUNDLE_IDENTIFIER = com.CodingKovs.NewsToDayUITests;
				PRODUCT_NAME = "$(TARGET_NAME)";
				SWIFT_EMIT_LOC_STRINGS = NO;
				SWIFT_VERSION = 5.0;
				TARGETED_DEVICE_FAMILY = "1,2";
				TEST_TARGET_NAME = NewsToDay;
			};
			name = Release;
		};
/* End XCBuildConfiguration section */

/* Begin XCConfigurationList section */
		4E1520812A06C11400E42537 /* Build configuration list for PBXProject "NewsToDay" */ = {
			isa = XCConfigurationList;
			buildConfigurations = (
				4E1520AE2A06C11700E42537 /* Debug */,
				4E1520AF2A06C11700E42537 /* Release */,
			);
			defaultConfigurationIsVisible = 0;
			defaultConfigurationName = Release;
		};
		4E1520B02A06C11700E42537 /* Build configuration list for PBXNativeTarget "NewsToDay" */ = {
			isa = XCConfigurationList;
			buildConfigurations = (
				4E1520B12A06C11700E42537 /* Debug */,
				4E1520B22A06C11700E42537 /* Release */,
			);
			defaultConfigurationIsVisible = 0;
			defaultConfigurationName = Release;
		};
		4E1520B32A06C11700E42537 /* Build configuration list for PBXNativeTarget "NewsToDayTests" */ = {
			isa = XCConfigurationList;
			buildConfigurations = (
				4E1520B42A06C11700E42537 /* Debug */,
				4E1520B52A06C11700E42537 /* Release */,
			);
			defaultConfigurationIsVisible = 0;
			defaultConfigurationName = Release;
		};
		4E1520B62A06C11700E42537 /* Build configuration list for PBXNativeTarget "NewsToDayUITests" */ = {
			isa = XCConfigurationList;
			buildConfigurations = (
				4E1520B72A06C11700E42537 /* Debug */,
				4E1520B82A06C11700E42537 /* Release */,
			);
			defaultConfigurationIsVisible = 0;
			defaultConfigurationName = Release;
		};
/* End XCConfigurationList section */

/* Begin XCRemoteSwiftPackageReference section */
		4ECDAAA32A082EBD00E8485C /* XCRemoteSwiftPackageReference "SnapKit" */ = {
			isa = XCRemoteSwiftPackageReference;
			repositoryURL = "https://github.com/SnapKit/SnapKit";
			requirement = {
				kind = upToNextMajorVersion;
				minimumVersion = 5.0.0;
			};
		};
		C81C1F2D2A128F6400A974B0 /* XCRemoteSwiftPackageReference "firebase-ios-sdk" */ = {
			isa = XCRemoteSwiftPackageReference;
			repositoryURL = "https://github.com/firebase/firebase-ios-sdk.git";
			requirement = {
				kind = upToNextMajorVersion;
				minimumVersion = 10.0.0;
			};
		};
		C81C1F322A12923B00A974B0 /* XCRemoteSwiftPackageReference "GoogleSignIn-iOS" */ = {
			isa = XCRemoteSwiftPackageReference;
			repositoryURL = "https://github.com/google/GoogleSignIn-iOS";
			requirement = {
				kind = upToNextMajorVersion;
				minimumVersion = 7.0.0;
			};
		};
/* End XCRemoteSwiftPackageReference section */

/* Begin XCSwiftPackageProductDependency section */
		4ECDAAA42A082EBD00E8485C /* SnapKit */ = {
			isa = XCSwiftPackageProductDependency;
			package = 4ECDAAA32A082EBD00E8485C /* XCRemoteSwiftPackageReference "SnapKit" */;
			productName = SnapKit;
		};
		C81C1F2E2A128F6400A974B0 /* FirebaseAuth */ = {
			isa = XCSwiftPackageProductDependency;
			package = C81C1F2D2A128F6400A974B0 /* XCRemoteSwiftPackageReference "firebase-ios-sdk" */;
			productName = FirebaseAuth;
		};
		C81C1F302A128F6400A974B0 /* FirebaseFirestore */ = {
			isa = XCSwiftPackageProductDependency;
			package = C81C1F2D2A128F6400A974B0 /* XCRemoteSwiftPackageReference "firebase-ios-sdk" */;
			productName = FirebaseFirestore;
		};
		C81C1F332A12923B00A974B0 /* GoogleSignIn */ = {
			isa = XCSwiftPackageProductDependency;
			package = C81C1F322A12923B00A974B0 /* XCRemoteSwiftPackageReference "GoogleSignIn-iOS" */;
			productName = GoogleSignIn;
		};
/* End XCSwiftPackageProductDependency section */
	};
	rootObject = 4E15207E2A06C11400E42537 /* Project object */;
}
